// !$*UTF8*$!
{
	archiveVersion = 1;
	classes = {
	};
	objectVersion = 46;
	objects = {

/* Begin PBXBuildFile section */
		3F53ED7A7B9E6B08FE7F9F5B /* Pods_TipCalculator.framework in Frameworks */ = {isa = PBXBuildFile; fileRef = 449FA8D59CB46FB13A264E6B /* Pods_TipCalculator.framework */; };
		F50BC9461CB175B800461DDF /* AppDelegate.swift in Sources */ = {isa = PBXBuildFile; fileRef = F50BC9451CB175B800461DDF /* AppDelegate.swift */; };
		F50BC9481CB175B800461DDF /* ViewController.swift in Sources */ = {isa = PBXBuildFile; fileRef = F50BC9471CB175B800461DDF /* ViewController.swift */; };
		F50BC94B1CB175B900461DDF /* Main.storyboard in Resources */ = {isa = PBXBuildFile; fileRef = F50BC9491CB175B900461DDF /* Main.storyboard */; };
		F50BC94D1CB175B900461DDF /* Assets.xcassets in Resources */ = {isa = PBXBuildFile; fileRef = F50BC94C1CB175B900461DDF /* Assets.xcassets */; };
		F50BC9501CB175B900461DDF /* LaunchScreen.storyboard in Resources */ = {isa = PBXBuildFile; fileRef = F50BC94E1CB175B900461DDF /* LaunchScreen.storyboard */; };
/* End PBXBuildFile section */

/* Begin PBXFileReference section */
		25B5852385B8C45F7021A10D /* Pods-TipCalculator.release.xcconfig */ = {isa = PBXFileReference; includeInIndex = 1; lastKnownFileType = text.xcconfig; name = "Pods-TipCalculator.release.xcconfig"; path = "Pods/Target Support Files/Pods-TipCalculator/Pods-TipCalculator.release.xcconfig"; sourceTree = "<group>"; };
		449FA8D59CB46FB13A264E6B /* Pods_TipCalculator.framework */ = {isa = PBXFileReference; explicitFileType = wrapper.framework; includeInIndex = 0; path = Pods_TipCalculator.framework; sourceTree = BUILT_PRODUCTS_DIR; };
		7554232F9C005B14301A440F /* Pods-TipCalculator.debug.xcconfig */ = {isa = PBXFileReference; includeInIndex = 1; lastKnownFileType = text.xcconfig; name = "Pods-TipCalculator.debug.xcconfig"; path = "Pods/Target Support Files/Pods-TipCalculator/Pods-TipCalculator.debug.xcconfig"; sourceTree = "<group>"; };
		F50BC9421CB175B800461DDF /* TipCalculator.app */ = {isa = PBXFileReference; explicitFileType = wrapper.application; includeInIndex = 0; path = TipCalculator.app; sourceTree = BUILT_PRODUCTS_DIR; };
		F50BC9451CB175B800461DDF /* AppDelegate.swift */ = {isa = PBXFileReference; lastKnownFileType = sourcecode.swift; path = AppDelegate.swift; sourceTree = "<group>"; };
		F50BC9471CB175B800461DDF /* ViewController.swift */ = {isa = PBXFileReference; lastKnownFileType = sourcecode.swift; path = ViewController.swift; sourceTree = "<group>"; };
		F50BC94A1CB175B900461DDF /* Base */ = {isa = PBXFileReference; lastKnownFileType = file.storyboard; name = Base; path = Base.lproj/Main.storyboard; sourceTree = "<group>"; };
		F50BC94C1CB175B900461DDF /* Assets.xcassets */ = {isa = PBXFileReference; lastKnownFileType = folder.assetcatalog; path = Assets.xcassets; sourceTree = "<group>"; };
		F50BC94F1CB175B900461DDF /* Base */ = {isa = PBXFileReference; lastKnownFileType = file.storyboard; name = Base; path = Base.lproj/LaunchScreen.storyboard; sourceTree = "<group>"; };
		F50BC9511CB175B900461DDF /* Info.plist */ = {isa = PBXFileReference; lastKnownFileType = text.plist.xml; path = Info.plist; sourceTree = "<group>"; };
/* End PBXFileReference section */

/* Begin PBXFrameworksBuildPhase section */
		F50BC93F1CB175B800461DDF /* Frameworks */ = {
			isa = PBXFrameworksBuildPhase;
			buildActionMask = 2147483647;
			files = (
				3F53ED7A7B9E6B08FE7F9F5B /* Pods_TipCalculator.framework in Frameworks */,
			);
			runOnlyForDeploymentPostprocessing = 0;
		};
/* End PBXFrameworksBuildPhase section */

/* Begin PBXGroup section */
		243FD6A9F6E4679E8FF9707C /* Pods */ = {
			isa = PBXGroup;
			children = (
				7554232F9C005B14301A440F /* Pods-TipCalculator.debug.xcconfig */,
				25B5852385B8C45F7021A10D /* Pods-TipCalculator.release.xcconfig */,
			);
			name = Pods;
			sourceTree = "<group>";
		};
		F0B95C8F9BCB945F41C27E41 /* Frameworks */ = {
			isa = PBXGroup;
			children = (
				449FA8D59CB46FB13A264E6B /* Pods_TipCalculator.framework */,
			);
			name = Frameworks;
			sourceTree = "<group>";
		};
		F50BC9391CB175B800461DDF = {
			isa = PBXGroup;
			children = (
				F50BC9441CB175B800461DDF /* TipCalculator */,
				F50BC9431CB175B800461DDF /* Products */,
				243FD6A9F6E4679E8FF9707C /* Pods */,
				F0B95C8F9BCB945F41C27E41 /* Frameworks */,
			);
			sourceTree = "<group>";
		};
		F50BC9431CB175B800461DDF /* Products */ = {
			isa = PBXGroup;
			children = (
				F50BC9421CB175B800461DDF /* TipCalculator.app */,
			);
			name = Products;
			sourceTree = "<group>";
		};
		F50BC9441CB175B800461DDF /* TipCalculator */ = {
			isa = PBXGroup;
			children = (
				F50BC9451CB175B800461DDF /* AppDelegate.swift */,
				F50BC9471CB175B800461DDF /* ViewController.swift */,
				F50BC9491CB175B900461DDF /* Main.storyboard */,
				F50BC94C1CB175B900461DDF /* Assets.xcassets */,
				F50BC94E1CB175B900461DDF /* LaunchScreen.storyboard */,
				F50BC9511CB175B900461DDF /* Info.plist */,
			);
			path = TipCalculator;
			sourceTree = "<group>";
		};
/* End PBXGroup section */

/* Begin PBXNativeTarget section */
		F50BC9411CB175B800461DDF /* TipCalculator */ = {
			isa = PBXNativeTarget;
			buildConfigurationList = F50BC9541CB175B900461DDF /* Build configuration list for PBXNativeTarget "TipCalculator" */;
			buildPhases = (
				F09081DDA68654F2AE736055 /* [CP] Check Pods Manifest.lock */,
				F50BC93E1CB175B800461DDF /* Sources */,
				F50BC93F1CB175B800461DDF /* Frameworks */,
				F50BC9401CB175B800461DDF /* Resources */,
				2A1CC9B2B11CCAF7040A918B /* [CP] Embed Pods Frameworks */,
				7120B0BF531B3CF366E568E4 /* [CP] Copy Pods Resources */,
			);
			buildRules = (
			);
			dependencies = (
			);
			name = TipCalculator;
			productName = TipCalculator;
			productReference = F50BC9421CB175B800461DDF /* TipCalculator.app */;
			productType = "com.apple.product-type.application";
		};
/* End PBXNativeTarget section */

/* Begin PBXProject section */
		F50BC93A1CB175B800461DDF /* Project object */ = {
			isa = PBXProject;
			attributes = {
				LastSwiftUpdateCheck = 0730;
				LastUpgradeCheck = 0730;
				ORGANIZATIONNAME = edison;
				TargetAttributes = {
					F50BC9411CB175B800461DDF = {
						CreatedOnToolsVersion = 7.3;
						DevelopmentTeam = D4MTBNMTU5;
						LastSwiftMigration = 0830;
					};
				};
			};
			buildConfigurationList = F50BC93D1CB175B800461DDF /* Build configuration list for PBXProject "TipCalculator" */;
			compatibilityVersion = "Xcode 3.2";
			developmentRegion = English;
			hasScannedForEncodings = 0;
			knownRegions = (
				en,
				Base,
			);
			mainGroup = F50BC9391CB175B800461DDF;
			productRefGroup = F50BC9431CB175B800461DDF /* Products */;
			projectDirPath = "";
			projectRoot = "";
			targets = (
				F50BC9411CB175B800461DDF /* TipCalculator */,
			);
		};
/* End PBXProject section */

/* Begin PBXResourcesBuildPhase section */
		F50BC9401CB175B800461DDF /* Resources */ = {
			isa = PBXResourcesBuildPhase;
			buildActionMask = 2147483647;
			files = (
				F50BC9501CB175B900461DDF /* LaunchScreen.storyboard in Resources */,
				F50BC94D1CB175B900461DDF /* Assets.xcassets in Resources */,
				F50BC94B1CB175B900461DDF /* Main.storyboard in Resources */,
			);
			runOnlyForDeploymentPostprocessing = 0;
		};
/* End PBXResourcesBuildPhase section */

/* Begin PBXShellScriptBuildPhase section */
		2A1CC9B2B11CCAF7040A918B /* [CP] Embed Pods Frameworks */ = {
			isa = PBXShellScriptBuildPhase;
			buildActionMask = 2147483647;
			files = (
			);
			inputPaths = (
			);
			name = "[CP] Embed Pods Frameworks";
			outputPaths = (
			);
			runOnlyForDeploymentPostprocessing = 0;
			shellPath = /bin/sh;
			shellScript = "\"${SRCROOT}/Pods/Target Support Files/Pods-TipCalculator/Pods-TipCalculator-frameworks.sh\"\n";
			showEnvVarsInLog = 0;
		};
		7120B0BF531B3CF366E568E4 /* [CP] Copy Pods Resources */ = {
			isa = PBXShellScriptBuildPhase;
			buildActionMask = 2147483647;
			files = (
			);
			inputPaths = (
			);
			name = "[CP] Copy Pods Resources";
			outputPaths = (
			);
			runOnlyForDeploymentPostprocessing = 0;
			shellPath = /bin/sh;
			shellScript = "\"${SRCROOT}/Pods/Target Support Files/Pods-TipCalculator/Pods-TipCalculator-resources.sh\"\n";
			showEnvVarsInLog = 0;
		};
		F09081DDA68654F2AE736055 /* [CP] Check Pods Manifest.lock */ = {
			isa = PBXShellScriptBuildPhase;
			buildActionMask = 2147483647;
			files = (
			);
			inputPaths = (
			);
			name = "[CP] Check Pods Manifest.lock";
			outputPaths = (
			);
			runOnlyForDeploymentPostprocessing = 0;
			shellPath = /bin/sh;
			shellScript = "diff \"${PODS_ROOT}/../Podfile.lock\" \"${PODS_ROOT}/Manifest.lock\" > /dev/null\nif [ $? != 0 ] ; then\n    # print error to STDERR\n    echo \"error: The sandbox is not in sync with the Podfile.lock. Run 'pod install' or update your CocoaPods installation.\" >&2\n    exit 1\nfi\n";
			showEnvVarsInLog = 0;
		};
/* End PBXShellScriptBuildPhase section */

/* Begin PBXSourcesBuildPhase section */
		F50BC93E1CB175B800461DDF /* Sources */ = {
			isa = PBXSourcesBuildPhase;
			buildActionMask = 2147483647;
			files = (
				F50BC9481CB175B800461DDF /* ViewController.swift in Sources */,
				F50BC9461CB175B800461DDF /* AppDelegate.swift in Sources */,
			);
			runOnlyForDeploymentPostprocessing = 0;
		};
/* End PBXSourcesBuildPhase section */

/* Begin PBXVariantGroup section */
		F50BC9491CB175B900461DDF /* Main.storyboard */ = {
			isa = PBXVariantGroup;
			children = (
				F50BC94A1CB175B900461DDF /* Base */,
			);
			name = Main.storyboard;
			sourceTree = "<group>";
		};
		F50BC94E1CB175B900461DDF /* LaunchScreen.storyboard */ = {
			isa = PBXVariantGroup;
			children = (
				F50BC94F1CB175B900461DDF /* Base */,
			);
			name = LaunchScreen.storyboard;
			sourceTree = "<group>";
		};
/* End PBXVariantGroup section */

/* Begin XCBuildConfiguration section */
		F50BC9521CB175B900461DDF /* Debug */ = {
			isa = XCBuildConfiguration;
			buildSettings = {
				ALWAYS_SEARCH_USER_PATHS = NO;
				CLANG_ANALYZER_NONNULL = YES;
				CLANG_CXX_LANGUAGE_STANDARD = "gnu++0x";
				CLANG_CXX_LIBRARY = "libc++";
				CLANG_ENABLE_MODULES = YES;
				CLANG_ENABLE_OBJC_ARC = YES;
				CLANG_WARN_BOOL_CONVERSION = YES;
				CLANG_WARN_CONSTANT_CONVERSION = YES;
				CLANG_WARN_DIRECT_OBJC_ISA_USAGE = YES_ERROR;
				CLANG_WARN_EMPTY_BODY = YES;
				CLANG_WARN_ENUM_CONVERSION = YES;
				CLANG_WARN_INT_CONVERSION = YES;
				CLANG_WARN_OBJC_ROOT_CLASS = YES_ERROR;
				CLANG_WARN_UNREACHABLE_CODE = YES;
				CLANG_WARN__DUPLICATE_METHOD_MATCH = YES;
				"CODE_SIGN_IDENTITY[sdk=iphoneos*]" = "iPhone Developer";
				COPY_PHASE_STRIP = NO;
				DEBUG_INFORMATION_FORMAT = dwarf;
				ENABLE_STRICT_OBJC_MSGSEND = YES;
				ENABLE_TESTABILITY = YES;
				GCC_C_LANGUAGE_STANDARD = gnu99;
				GCC_DYNAMIC_NO_PIC = NO;
				GCC_NO_COMMON_BLOCKS = YES;
				GCC_OPTIMIZATION_LEVEL = 0;
				GCC_PREPROCESSOR_DEFINITIONS = (
					"DEBUG=1",
					"$(inherited)",
				);
				GCC_WARN_64_TO_32_BIT_CONVERSION = YES;
				GCC_WARN_ABOUT_RETURN_TYPE = YES_ERROR;
				GCC_WARN_UNDECLARED_SELECTOR = YES;
				GCC_WARN_UNINITIALIZED_AUTOS = YES_AGGRESSIVE;
				GCC_WARN_UNUSED_FUNCTION = YES;
				GCC_WARN_UNUSED_VARIABLE = YES;
				IPHONEOS_DEPLOYMENT_TARGET = 9.3;
				MTL_ENABLE_DEBUG_INFO = YES;
				ONLY_ACTIVE_ARCH = YES;
				SDKROOT = iphoneos;
				SWIFT_OPTIMIZATION_LEVEL = "-Onone";
				TARGETED_DEVICE_FAMILY = "1,2";
			};
			name = Debug;
		};
		F50BC9531CB175B900461DDF /* Release */ = {
			isa = XCBuildConfiguration;
			buildSettings = {
				ALWAYS_SEARCH_USER_PATHS = NO;
				CLANG_ANALYZER_NONNULL = YES;
				CLANG_CXX_LANGUAGE_STANDARD = "gnu++0x";
				CLANG_CXX_LIBRARY = "libc++";
				CLANG_ENABLE_MODULES = YES;
				CLANG_ENABLE_OBJC_ARC = YES;
				CLANG_WARN_BOOL_CONVERSION = YES;
				CLANG_WARN_CONSTANT_CONVERSION = YES;
				CLANG_WARN_DIRECT_OBJC_ISA_USAGE = YES_ERROR;
				CLANG_WARN_EMPTY_BODY = YES;
				CLANG_WARN_ENUM_CONVERSION = YES;
				CLANG_WARN_INT_CONVERSION = YES;
				CLANG_WARN_OBJC_ROOT_CLASS = YES_ERROR;
				CLANG_WARN_UNREACHABLE_CODE = YES;
				CLANG_WARN__DUPLICATE_METHOD_MATCH = YES;
				"CODE_SIGN_IDENTITY[sdk=iphoneos*]" = "iPhone Developer";
				COPY_PHASE_STRIP = NO;
				DEBUG_INFORMATION_FORMAT = "dwarf-with-dsym";
				ENABLE_NS_ASSERTIONS = NO;
				ENABLE_STRICT_OBJC_MSGSEND = YES;
				GCC_C_LANGUAGE_STANDARD = gnu99;
				GCC_NO_COMMON_BLOCKS = YES;
				GCC_WARN_64_TO_32_BIT_CONVERSION = YES;
				GCC_WARN_ABOUT_RETURN_TYPE = YES_ERROR;
				GCC_WARN_UNDECLARED_SELECTOR = YES;
				GCC_WARN_UNINITIALIZED_AUTOS = YES_AGGRESSIVE;
				GCC_WARN_UNUSED_FUNCTION = YES;
				GCC_WARN_UNUSED_VARIABLE = YES;
				IPHONEOS_DEPLOYMENT_TARGET = 9.3;
				MTL_ENABLE_DEBUG_INFO = NO;
				SDKROOT = iphoneos;
				TARGETED_DEVICE_FAMILY = "1,2";
				VALIDATE_PRODUCT = YES;
			};
			name = Release;
		};
		F50BC9551CB175B900461DDF /* Debug */ = {
			isa = XCBuildConfiguration;
			baseConfigurationReference = 7554232F9C005B14301A440F /* Pods-TipCalculator.debug.xcconfig */;
			buildSettings = {
				ASSETCATALOG_COMPILER_APPICON_NAME = AppIcon;
				DEVELOPMENT_TEAM = D4MTBNMTU5;
				INFOPLIST_FILE = TipCalculator/Info.plist;
				LD_RUNPATH_SEARCH_PATHS = "$(inherited) @executable_path/Frameworks";
				PRODUCT_BUNDLE_IDENTIFIER = com.edison.TipCalculator;
				PRODUCT_NAME = "$(TARGET_NAME)";
				SWIFT_VERSION = 3.0;
			};
			name = Debug;
		};
		F50BC9561CB175B900461DDF /* Release */ = {
			isa = XCBuildConfiguration;
			baseConfigurationReference = 25B5852385B8C45F7021A10D /* Pods-TipCalculator.release.xcconfig */;
			buildSettings = {
				ASSETCATALOG_COMPILER_APPICON_NAME = AppIcon;
				DEVELOPMENT_TEAM = D4MTBNMTU5;
				INFOPLIST_FILE = TipCalculator/Info.plist;
				LD_RUNPATH_SEARCH_PATHS = "$(inherited) @executable_path/Frameworks";
				PRODUCT_BUNDLE_IDENTIFIER = com.edison.TipCalculator;
				PRODUCT_NAME = "$(TARGET_NAME)";
				SWIFT_VERSION = 3.0;
			};
			name = Release;
		};
/* End XCBuildConfiguration section */

/* Begin XCConfigurationList section */
		F50BC93D1CB175B800461DDF /* Build configuration list for PBXProject "TipCalculator" */ = {
			isa = XCConfigurationList;
			buildConfigurations = (
				F50BC9521CB175B900461DDF /* Debug */,
				F50BC9531CB175B900461DDF /* Release */,
			);
			defaultConfigurationIsVisible = 0;
			defaultConfigurationName = Release;
		};
		F50BC9541CB175B900461DDF /* Build configuration list for PBXNativeTarget "TipCalculator" */ = {
			isa = XCConfigurationList;
			buildConfigurations = (
				F50BC9551CB175B900461DDF /* Debug */,
				F50BC9561CB175B900461DDF /* Release */,
			);
			defaultConfigurationIsVisible = 0;
			defaultConfigurationName = Release;
		};
/* End XCConfigurationList section */
	};
	rootObject = F50BC93A1CB175B800461DDF /* Project object */;
}
