// !$*UTF8*$!
{
	archiveVersion = 1;
	classes = {
	};
	objectVersion = 46;
	objects = {

/* Begin PBXBuildFile section */
		F5B3F0211CAFA2F7008CDD0E /* AppDelegate.swift in Sources */ = {isa = PBXBuildFile; fileRef = F5B3F0201CAFA2F7008CDD0E /* AppDelegate.swift */; };
		F5B3F0231CAFA2F7008CDD0E /* ViewController.swift in Sources */ = {isa = PBXBuildFile; fileRef = F5B3F0221CAFA2F7008CDD0E /* ViewController.swift */; };
		F5B3F0261CAFA2F7008CDD0E /* Main.storyboard in Resources */ = {isa = PBXBuildFile; fileRef = F5B3F0241CAFA2F7008CDD0E /* Main.storyboard */; };
		F5B3F0281CAFA2F7008CDD0E /* Assets.xcassets in Resources */ = {isa = PBXBuildFile; fileRef = F5B3F0271CAFA2F7008CDD0E /* Assets.xcassets */; };
		F5B3F02B1CAFA2F7008CDD0E /* LaunchScreen.storyboard in Resources */ = {isa = PBXBuildFile; fileRef = F5B3F0291CAFA2F7008CDD0E /* LaunchScreen.storyboard */; };
/* End PBXBuildFile section */

/* Begin PBXFileReference section */
		F5B3F01D1CAFA2F7008CDD0E /* SwiftIAd.app */ = {isa = PBXFileReference; explicitFileType = wrapper.application; includeInIndex = 0; path = SwiftIAd.app; sourceTree = BUILT_PRODUCTS_DIR; };
		F5B3F0201CAFA2F7008CDD0E /* AppDelegate.swift */ = {isa = PBXFileReference; lastKnownFileType = sourcecode.swift; path = AppDelegate.swift; sourceTree = "<group>"; };
		F5B3F0221CAFA2F7008CDD0E /* ViewController.swift */ = {isa = PBXFileReference; lastKnownFileType = sourcecode.swift; path = ViewController.swift; sourceTree = "<group>"; };
		F5B3F0251CAFA2F7008CDD0E /* Base */ = {isa = PBXFileReference; lastKnownFileType = file.storyboard; name = Base; path = Base.lproj/Main.storyboard; sourceTree = "<group>"; };
		F5B3F0271CAFA2F7008CDD0E /* Assets.xcassets */ = {isa = PBXFileReference; lastKnownFileType = folder.assetcatalog; path = Assets.xcassets; sourceTree = "<group>"; };
		F5B3F02A1CAFA2F7008CDD0E /* Base */ = {isa = PBXFileReference; lastKnownFileType = file.storyboard; name = Base; path = Base.lproj/LaunchScreen.storyboard; sourceTree = "<group>"; };
		F5B3F02C1CAFA2F7008CDD0E /* Info.plist */ = {isa = PBXFileReference; lastKnownFileType = text.plist.xml; path = Info.plist; sourceTree = "<group>"; };
/* End PBXFileReference section */

/* Begin PBXFrameworksBuildPhase section */
		F5B3F01A1CAFA2F7008CDD0E /* Frameworks */ = {
			isa = PBXFrameworksBuildPhase;
			buildActionMask = 2147483647;
			files = (
			);
			runOnlyForDeploymentPostprocessing = 0;
		};
/* End PBXFrameworksBuildPhase section */

/* Begin PBXGroup section */
		F5B3F0141CAFA2F7008CDD0E = {
			isa = PBXGroup;
			children = (
				F5B3F01F1CAFA2F7008CDD0E /* SwiftIAd */,
				F5B3F01E1CAFA2F7008CDD0E /* Products */,
			);
			sourceTree = "<group>";
		};
		F5B3F01E1CAFA2F7008CDD0E /* Products */ = {
			isa = PBXGroup;
			children = (
				F5B3F01D1CAFA2F7008CDD0E /* SwiftIAd.app */,
			);
			name = Products;
			sourceTree = "<group>";
		};
		F5B3F01F1CAFA2F7008CDD0E /* SwiftIAd */ = {
			isa = PBXGroup;
			children = (
				F5B3F0201CAFA2F7008CDD0E /* AppDelegate.swift */,
				F5B3F0221CAFA2F7008CDD0E /* ViewController.swift */,
				F5B3F0241CAFA2F7008CDD0E /* Main.storyboard */,
				F5B3F0271CAFA2F7008CDD0E /* Assets.xcassets */,
				F5B3F0291CAFA2F7008CDD0E /* LaunchScreen.storyboard */,
				F5B3F02C1CAFA2F7008CDD0E /* Info.plist */,
			);
			path = SwiftIAd;
			sourceTree = "<group>";
		};
/* End PBXGroup section */

/* Begin PBXNativeTarget section */
		F5B3F01C1CAFA2F7008CDD0E /* SwiftIAd */ = {
			isa = PBXNativeTarget;
			buildConfigurationList = F5B3F02F1CAFA2F7008CDD0E /* Build configuration list for PBXNativeTarget "SwiftIAd" */;
			buildPhases = (
				F5B3F0191CAFA2F7008CDD0E /* Sources */,
				F5B3F01A1CAFA2F7008CDD0E /* Frameworks */,
				F5B3F01B1CAFA2F7008CDD0E /* Resources */,
			);
			buildRules = (
			);
			dependencies = (
			);
			name = SwiftIAd;
			productName = SwiftIAd;
			productReference = F5B3F01D1CAFA2F7008CDD0E /* SwiftIAd.app */;
			productType = "com.apple.product-type.application";
		};
/* End PBXNativeTarget section */

/* Begin PBXProject section */
		F5B3F0151CAFA2F7008CDD0E /* Project object */ = {
			isa = PBXProject;
			attributes = {
				LastSwiftUpdateCheck = 0730;
				LastUpgradeCheck = 0730;
				ORGANIZATIONNAME = EdisonHsu;
				TargetAttributes = {
					F5B3F01C1CAFA2F7008CDD0E = {
						CreatedOnToolsVersion = 7.3;
						DevelopmentTeam = D4MTBNMTU5;
						LastSwiftMigration = 0830;
					};
				};
			};
			buildConfigurationList = F5B3F0181CAFA2F7008CDD0E /* Build configuration list for PBXProject "SwiftIAd" */;
			compatibilityVersion = "Xcode 3.2";
			developmentRegion = English;
			hasScannedForEncodings = 0;
			knownRegions = (
				en,
				Base,
			);
			mainGroup = F5B3F0141CAFA2F7008CDD0E;
			productRefGroup = F5B3F01E1CAFA2F7008CDD0E /* Products */;
			projectDirPath = "";
			projectRoot = "";
			targets = (
				F5B3F01C1CAFA2F7008CDD0E /* SwiftIAd */,
			);
		};
/* End PBXProject section */

/* Begin PBXResourcesBuildPhase section */
		F5B3F01B1CAFA2F7008CDD0E /* Resources */ = {
			isa = PBXResourcesBuildPhase;
			buildActionMask = 2147483647;
			files = (
				F5B3F02B1CAFA2F7008CDD0E /* LaunchScreen.storyboard in Resources */,
				F5B3F0281CAFA2F7008CDD0E /* Assets.xcassets in Resources */,
				F5B3F0261CAFA2F7008CDD0E /* Main.storyboard in Resources */,
			);
			runOnlyForDeploymentPostprocessing = 0;
		};
/* End PBXResourcesBuildPhase section */

/* Begin PBXSourcesBuildPhase section */
		F5B3F0191CAFA2F7008CDD0E /* Sources */ = {
			isa = PBXSourcesBuildPhase;
			buildActionMask = 2147483647;
			files = (
				F5B3F0231CAFA2F7008CDD0E /* ViewController.swift in Sources */,
				F5B3F0211CAFA2F7008CDD0E /* AppDelegate.swift in Sources */,
			);
			runOnlyForDeploymentPostprocessing = 0;
		};
/* End PBXSourcesBuildPhase section */

/* Begin PBXVariantGroup section */
		F5B3F0241CAFA2F7008CDD0E /* Main.storyboard */ = {
			isa = PBXVariantGroup;
			children = (
				F5B3F0251CAFA2F7008CDD0E /* Base */,
			);
			name = Main.storyboard;
			sourceTree = "<group>";
		};
		F5B3F0291CAFA2F7008CDD0E /* LaunchScreen.storyboard */ = {
			isa = PBXVariantGroup;
			children = (
				F5B3F02A1CAFA2F7008CDD0E /* Base */,
			);
			name = LaunchScreen.storyboard;
			sourceTree = "<group>";
		};
/* End PBXVariantGroup section */

/* Begin XCBuildConfiguration section */
		F5B3F02D1CAFA2F7008CDD0E /* Debug */ = {
			isa = XCBuildConfiguration;
			buildSettings = {
				ALWAYS_SEARCH_USER_PATHS = NO;
				CLANG_ANALYZER_NONNULL = YES;
				CLANG_CXX_LANGUAGE_STANDARD = "gnu++0x";
				CLANG_CXX_LIBRARY = "libc++";
				CLANG_ENABLE_MODULES = YES;
				CLANG_ENABLE_OBJC_ARC = YES;
				CLANG_WARN_BOOL_CONVERSION = YES;
				CLANG_WARN_CONSTANT_CONVERSION = YES;
				CLANG_WARN_DIRECT_OBJC_ISA_USAGE = YES_ERROR;
				CLANG_WARN_EMPTY_BODY = YES;
				CLANG_WARN_ENUM_CONVERSION = YES;
				CLANG_WARN_INT_CONVERSION = YES;
				CLANG_WARN_OBJC_ROOT_CLASS = YES_ERROR;
				CLANG_WARN_UNREACHABLE_CODE = YES;
				CLANG_WARN__DUPLICATE_METHOD_MATCH = YES;
				"CODE_SIGN_IDENTITY[sdk=iphoneos*]" = "iPhone Developer";
				COPY_PHASE_STRIP = NO;
				DEBUG_INFORMATION_FORMAT = dwarf;
				ENABLE_STRICT_OBJC_MSGSEND = YES;
				ENABLE_TESTABILITY = YES;
				GCC_C_LANGUAGE_STANDARD = gnu99;
				GCC_DYNAMIC_NO_PIC = NO;
				GCC_NO_COMMON_BLOCKS = YES;
				GCC_OPTIMIZATION_LEVEL = 0;
				GCC_PREPROCESSOR_DEFINITIONS = (
					"DEBUG=1",
					"$(inherited)",
				);
				GCC_WARN_64_TO_32_BIT_CONVERSION = YES;
				GCC_WARN_ABOUT_RETURN_TYPE = YES_ERROR;
				GCC_WARN_UNDECLARED_SELECTOR = YES;
				GCC_WARN_UNINITIALIZED_AUTOS = YES_AGGRESSIVE;
				GCC_WARN_UNUSED_FUNCTION = YES;
				GCC_WARN_UNUSED_VARIABLE = YES;
				IPHONEOS_DEPLOYMENT_TARGET = 9.3;
				MTL_ENABLE_DEBUG_INFO = YES;
				ONLY_ACTIVE_ARCH = YES;
				SDKROOT = iphoneos;
				SWIFT_OPTIMIZATION_LEVEL = "-Onone";
				TARGETED_DEVICE_FAMILY = "1,2";
			};
			name = Debug;
		};
		F5B3F02E1CAFA2F7008CDD0E /* Release */ = {
			isa = XCBuildConfiguration;
			buildSettings = {
				ALWAYS_SEARCH_USER_PATHS = NO;
				CLANG_ANALYZER_NONNULL = YES;
				CLANG_CXX_LANGUAGE_STANDARD = "gnu++0x";
				CLANG_CXX_LIBRARY = "libc++";
				CLANG_ENABLE_MODULES = YES;
				CLANG_ENABLE_OBJC_ARC = YES;
				CLANG_WARN_BOOL_CONVERSION = YES;
				CLANG_WARN_CONSTANT_CONVERSION = YES;
				CLANG_WARN_DIRECT_OBJC_ISA_USAGE = YES_ERROR;
				CLANG_WARN_EMPTY_BODY = YES;
				CLANG_WARN_ENUM_CONVERSION = YES;
				CLANG_WARN_INT_CONVERSION = YES;
				CLANG_WARN_OBJC_ROOT_CLASS = YES_ERROR;
				CLANG_WARN_UNREACHABLE_CODE = YES;
				CLANG_WARN__DUPLICATE_METHOD_MATCH = YES;
				"CODE_SIGN_IDENTITY[sdk=iphoneos*]" = "iPhone Developer";
				COPY_PHASE_STRIP = NO;
				DEBUG_INFORMATION_FORMAT = "dwarf-with-dsym";
				ENABLE_NS_ASSERTIONS = NO;
				ENABLE_STRICT_OBJC_MSGSEND = YES;
				GCC_C_LANGUAGE_STANDARD = gnu99;
				GCC_NO_COMMON_BLOCKS = YES;
				GCC_WARN_64_TO_32_BIT_CONVERSION = YES;
				GCC_WARN_ABOUT_RETURN_TYPE = YES_ERROR;
				GCC_WARN_UNDECLARED_SELECTOR = YES;
				GCC_WARN_UNINITIALIZED_AUTOS = YES_AGGRESSIVE;
				GCC_WARN_UNUSED_FUNCTION = YES;
				GCC_WARN_UNUSED_VARIABLE = YES;
				IPHONEOS_DEPLOYMENT_TARGET = 9.3;
				MTL_ENABLE_DEBUG_INFO = NO;
				SDKROOT = iphoneos;
				TARGETED_DEVICE_FAMILY = "1,2";
				VALIDATE_PRODUCT = YES;
			};
			name = Release;
		};
		F5B3F0301CAFA2F7008CDD0E /* Debug */ = {
			isa = XCBuildConfiguration;
			buildSettings = {
				ASSETCATALOG_COMPILER_APPICON_NAME = AppIcon;
				DEVELOPMENT_TEAM = D4MTBNMTU5;
				INFOPLIST_FILE = SwiftIAd/Info.plist;
				LD_RUNPATH_SEARCH_PATHS = "$(inherited) @executable_path/Frameworks";
				PRODUCT_BUNDLE_IDENTIFIER = edison.SwiftIAd;
				PRODUCT_NAME = "$(TARGET_NAME)";
				SWIFT_VERSION = 3.0;
			};
			name = Debug;
		};
		F5B3F0311CAFA2F7008CDD0E /* Release */ = {
			isa = XCBuildConfiguration;
			buildSettings = {
				ASSETCATALOG_COMPILER_APPICON_NAME = AppIcon;
				DEVELOPMENT_TEAM = D4MTBNMTU5;
				INFOPLIST_FILE = SwiftIAd/Info.plist;
				LD_RUNPATH_SEARCH_PATHS = "$(inherited) @executable_path/Frameworks";
				PRODUCT_BUNDLE_IDENTIFIER = edison.SwiftIAd;
				PRODUCT_NAME = "$(TARGET_NAME)";
				SWIFT_VERSION = 3.0;
			};
			name = Release;
		};
/* End XCBuildConfiguration section */

/* Begin XCConfigurationList section */
		F5B3F0181CAFA2F7008CDD0E /* Build configuration list for PBXProject "SwiftIAd" */ = {
			isa = XCConfigurationList;
			buildConfigurations = (
				F5B3F02D1CAFA2F7008CDD0E /* Debug */,
				F5B3F02E1CAFA2F7008CDD0E /* Release */,
			);
			defaultConfigurationIsVisible = 0;
			defaultConfigurationName = Release;
		};
		F5B3F02F1CAFA2F7008CDD0E /* Build configuration list for PBXNativeTarget "SwiftIAd" */ = {
			isa = XCConfigurationList;
			buildConfigurations = (
				F5B3F0301CAFA2F7008CDD0E /* Debug */,
				F5B3F0311CAFA2F7008CDD0E /* Release */,
			);
			defaultConfigurationIsVisible = 0;
			defaultConfigurationName = Release;
		};
/* End XCConfigurationList section */
	};
	rootObject = F5B3F0151CAFA2F7008CDD0E /* Project object */;
}
