// !$*UTF8*$!
{
	archiveVersion = 1;
	classes = {
	};
	objectVersion = 46;
	objects = {

/* Begin PBXBuildFile section */
		BBA6DF531D9CC77129F97F24 /* Pods_TableviewExercise.framework in Frameworks */ = {isa = PBXBuildFile; fileRef = BB73EE9CADE22D32BE462241 /* Pods_TableviewExercise.framework */; };
		F56994DC1CD11E20001B9563 /* AppDelegate.swift in Sources */ = {isa = PBXBuildFile; fileRef = F56994DB1CD11E20001B9563 /* AppDelegate.swift */; };
		F56994DE1CD11E20001B9563 /* ViewController.swift in Sources */ = {isa = PBXBuildFile; fileRef = F56994DD1CD11E20001B9563 /* ViewController.swift */; };
		F56994E11CD11E20001B9563 /* Main.storyboard in Resources */ = {isa = PBXBuildFile; fileRef = F56994DF1CD11E20001B9563 /* Main.storyboard */; };
		F56994E31CD11E20001B9563 /* Assets.xcassets in Resources */ = {isa = PBXBuildFile; fileRef = F56994E21CD11E20001B9563 /* Assets.xcassets */; };
		F56994E61CD11E20001B9563 /* LaunchScreen.storyboard in Resources */ = {isa = PBXBuildFile; fileRef = F56994E41CD11E20001B9563 /* LaunchScreen.storyboard */; };
/* End PBXBuildFile section */

/* Begin PBXFileReference section */
		0035C70EC24AB9D99F1C35F4 /* Pods-TableviewExercise.release.xcconfig */ = {isa = PBXFileReference; includeInIndex = 1; lastKnownFileType = text.xcconfig; name = "Pods-TableviewExercise.release.xcconfig"; path = "Pods/Target Support Files/Pods-TableviewExercise/Pods-TableviewExercise.release.xcconfig"; sourceTree = "<group>"; };
		9EAB79D1657E1B457CE42287 /* Pods-TableviewExercise.debug.xcconfig */ = {isa = PBXFileReference; includeInIndex = 1; lastKnownFileType = text.xcconfig; name = "Pods-TableviewExercise.debug.xcconfig"; path = "Pods/Target Support Files/Pods-TableviewExercise/Pods-TableviewExercise.debug.xcconfig"; sourceTree = "<group>"; };
		BB73EE9CADE22D32BE462241 /* Pods_TableviewExercise.framework */ = {isa = PBXFileReference; explicitFileType = wrapper.framework; includeInIndex = 0; path = Pods_TableviewExercise.framework; sourceTree = BUILT_PRODUCTS_DIR; };
		F56994D81CD11E20001B9563 /* TableviewExercise.app */ = {isa = PBXFileReference; explicitFileType = wrapper.application; includeInIndex = 0; path = TableviewExercise.app; sourceTree = BUILT_PRODUCTS_DIR; };
		F56994DB1CD11E20001B9563 /* AppDelegate.swift */ = {isa = PBXFileReference; lastKnownFileType = sourcecode.swift; path = AppDelegate.swift; sourceTree = "<group>"; };
		F56994DD1CD11E20001B9563 /* ViewController.swift */ = {isa = PBXFileReference; lastKnownFileType = sourcecode.swift; path = ViewController.swift; sourceTree = "<group>"; };
		F56994E01CD11E20001B9563 /* Base */ = {isa = PBXFileReference; lastKnownFileType = file.storyboard; name = Base; path = Base.lproj/Main.storyboard; sourceTree = "<group>"; };
		F56994E21CD11E20001B9563 /* Assets.xcassets */ = {isa = PBXFileReference; lastKnownFileType = folder.assetcatalog; path = Assets.xcassets; sourceTree = "<group>"; };
		F56994E51CD11E20001B9563 /* Base */ = {isa = PBXFileReference; lastKnownFileType = file.storyboard; name = Base; path = Base.lproj/LaunchScreen.storyboard; sourceTree = "<group>"; };
		F56994E71CD11E20001B9563 /* Info.plist */ = {isa = PBXFileReference; lastKnownFileType = text.plist.xml; path = Info.plist; sourceTree = "<group>"; };
/* End PBXFileReference section */

/* Begin PBXFrameworksBuildPhase section */
		F56994D51CD11E20001B9563 /* Frameworks */ = {
			isa = PBXFrameworksBuildPhase;
			buildActionMask = 2147483647;
			files = (
				BBA6DF531D9CC77129F97F24 /* Pods_TableviewExercise.framework in Frameworks */,
			);
			runOnlyForDeploymentPostprocessing = 0;
		};
/* End PBXFrameworksBuildPhase section */

/* Begin PBXGroup section */
		911F9B3170DA7C86A279318E /* Frameworks */ = {
			isa = PBXGroup;
			children = (
				BB73EE9CADE22D32BE462241 /* Pods_TableviewExercise.framework */,
			);
			name = Frameworks;
			sourceTree = "<group>";
		};
		F56994CF1CD11E20001B9563 = {
			isa = PBXGroup;
			children = (
				F56994DA1CD11E20001B9563 /* TableviewExercise */,
				F56994D91CD11E20001B9563 /* Products */,
				FAD2D74E4854EDB78C71E162 /* Pods */,
				911F9B3170DA7C86A279318E /* Frameworks */,
			);
			sourceTree = "<group>";
		};
		F56994D91CD11E20001B9563 /* Products */ = {
			isa = PBXGroup;
			children = (
				F56994D81CD11E20001B9563 /* TableviewExercise.app */,
			);
			name = Products;
			sourceTree = "<group>";
		};
		F56994DA1CD11E20001B9563 /* TableviewExercise */ = {
			isa = PBXGroup;
			children = (
				F56994DB1CD11E20001B9563 /* AppDelegate.swift */,
				F56994DD1CD11E20001B9563 /* ViewController.swift */,
				F56994DF1CD11E20001B9563 /* Main.storyboard */,
				F56994E21CD11E20001B9563 /* Assets.xcassets */,
				F56994E41CD11E20001B9563 /* LaunchScreen.storyboard */,
				F56994E71CD11E20001B9563 /* Info.plist */,
			);
			path = TableviewExercise;
			sourceTree = "<group>";
		};
		FAD2D74E4854EDB78C71E162 /* Pods */ = {
			isa = PBXGroup;
			children = (
				9EAB79D1657E1B457CE42287 /* Pods-TableviewExercise.debug.xcconfig */,
				0035C70EC24AB9D99F1C35F4 /* Pods-TableviewExercise.release.xcconfig */,
			);
			name = Pods;
			sourceTree = "<group>";
		};
/* End PBXGroup section */

/* Begin PBXNativeTarget section */
		F56994D71CD11E20001B9563 /* TableviewExercise */ = {
			isa = PBXNativeTarget;
			buildConfigurationList = F56994EA1CD11E20001B9563 /* Build configuration list for PBXNativeTarget "TableviewExercise" */;
			buildPhases = (
				94B582EB1E85B5D1E2A5849E /* [CP] Check Pods Manifest.lock */,
				F56994D41CD11E20001B9563 /* Sources */,
				F56994D51CD11E20001B9563 /* Frameworks */,
				F56994D61CD11E20001B9563 /* Resources */,
				10574FDBFE65CBE05B6336F4 /* [CP] Embed Pods Frameworks */,
				DC4CFC8C5B3A8593545D4C94 /* [CP] Copy Pods Resources */,
			);
			buildRules = (
			);
			dependencies = (
			);
			name = TableviewExercise;
			productName = TableviewExercise;
			productReference = F56994D81CD11E20001B9563 /* TableviewExercise.app */;
			productType = "com.apple.product-type.application";
		};
/* End PBXNativeTarget section */

/* Begin PBXProject section */
		F56994D01CD11E20001B9563 /* Project object */ = {
			isa = PBXProject;
			attributes = {
				LastSwiftUpdateCheck = 0730;
				LastUpgradeCheck = 0730;
				ORGANIZATIONNAME = EdisonHsu;
				TargetAttributes = {
					F56994D71CD11E20001B9563 = {
						CreatedOnToolsVersion = 7.3;
						DevelopmentTeam = D4MTBNMTU5;
						LastSwiftMigration = 0830;
					};
				};
			};
			buildConfigurationList = F56994D31CD11E20001B9563 /* Build configuration list for PBXProject "TableviewExercise" */;
			compatibilityVersion = "Xcode 3.2";
			developmentRegion = English;
			hasScannedForEncodings = 0;
			knownRegions = (
				en,
				Base,
			);
			mainGroup = F56994CF1CD11E20001B9563;
			productRefGroup = F56994D91CD11E20001B9563 /* Products */;
			projectDirPath = "";
			projectRoot = "";
			targets = (
				F56994D71CD11E20001B9563 /* TableviewExercise */,
			);
		};
/* End PBXProject section */

/* Begin PBXResourcesBuildPhase section */
		F56994D61CD11E20001B9563 /* Resources */ = {
			isa = PBXResourcesBuildPhase;
			buildActionMask = 2147483647;
			files = (
				F56994E61CD11E20001B9563 /* LaunchScreen.storyboard in Resources */,
				F56994E31CD11E20001B9563 /* Assets.xcassets in Resources */,
				F56994E11CD11E20001B9563 /* Main.storyboard in Resources */,
			);
			runOnlyForDeploymentPostprocessing = 0;
		};
/* End PBXResourcesBuildPhase section */

/* Begin PBXShellScriptBuildPhase section */
		10574FDBFE65CBE05B6336F4 /* [CP] Embed Pods Frameworks */ = {
			isa = PBXShellScriptBuildPhase;
			buildActionMask = 2147483647;
			files = (
			);
			inputPaths = (
			);
			name = "[CP] Embed Pods Frameworks";
			outputPaths = (
			);
			runOnlyForDeploymentPostprocessing = 0;
			shellPath = /bin/sh;
			shellScript = "\"${SRCROOT}/Pods/Target Support Files/Pods-TableviewExercise/Pods-TableviewExercise-frameworks.sh\"\n";
			showEnvVarsInLog = 0;
		};
		94B582EB1E85B5D1E2A5849E /* [CP] Check Pods Manifest.lock */ = {
			isa = PBXShellScriptBuildPhase;
			buildActionMask = 2147483647;
			files = (
			);
			inputPaths = (
			);
			name = "[CP] Check Pods Manifest.lock";
			outputPaths = (
			);
			runOnlyForDeploymentPostprocessing = 0;
			shellPath = /bin/sh;
			shellScript = "diff \"${PODS_ROOT}/../Podfile.lock\" \"${PODS_ROOT}/Manifest.lock\" > /dev/null\nif [ $? != 0 ] ; then\n    # print error to STDERR\n    echo \"error: The sandbox is not in sync with the Podfile.lock. Run 'pod install' or update your CocoaPods installation.\" >&2\n    exit 1\nfi\n";
			showEnvVarsInLog = 0;
		};
		DC4CFC8C5B3A8593545D4C94 /* [CP] Copy Pods Resources */ = {
			isa = PBXShellScriptBuildPhase;
			buildActionMask = 2147483647;
			files = (
			);
			inputPaths = (
			);
			name = "[CP] Copy Pods Resources";
			outputPaths = (
			);
			runOnlyForDeploymentPostprocessing = 0;
			shellPath = /bin/sh;
			shellScript = "\"${SRCROOT}/Pods/Target Support Files/Pods-TableviewExercise/Pods-TableviewExercise-resources.sh\"\n";
			showEnvVarsInLog = 0;
		};
/* End PBXShellScriptBuildPhase section */

/* Begin PBXSourcesBuildPhase section */
		F56994D41CD11E20001B9563 /* Sources */ = {
			isa = PBXSourcesBuildPhase;
			buildActionMask = 2147483647;
			files = (
				F56994DE1CD11E20001B9563 /* ViewController.swift in Sources */,
				F56994DC1CD11E20001B9563 /* AppDelegate.swift in Sources */,
			);
			runOnlyForDeploymentPostprocessing = 0;
		};
/* End PBXSourcesBuildPhase section */

/* Begin PBXVariantGroup section */
		F56994DF1CD11E20001B9563 /* Main.storyboard */ = {
			isa = PBXVariantGroup;
			children = (
				F56994E01CD11E20001B9563 /* Base */,
			);
			name = Main.storyboard;
			sourceTree = "<group>";
		};
		F56994E41CD11E20001B9563 /* LaunchScreen.storyboard */ = {
			isa = PBXVariantGroup;
			children = (
				F56994E51CD11E20001B9563 /* Base */,
			);
			name = LaunchScreen.storyboard;
			sourceTree = "<group>";
		};
/* End PBXVariantGroup section */

/* Begin XCBuildConfiguration section */
		F56994E81CD11E20001B9563 /* Debug */ = {
			isa = XCBuildConfiguration;
			buildSettings = {
				ALWAYS_SEARCH_USER_PATHS = NO;
				CLANG_ANALYZER_NONNULL = YES;
				CLANG_CXX_LANGUAGE_STANDARD = "gnu++0x";
				CLANG_CXX_LIBRARY = "libc++";
				CLANG_ENABLE_MODULES = YES;
				CLANG_ENABLE_OBJC_ARC = YES;
				CLANG_WARN_BOOL_CONVERSION = YES;
				CLANG_WARN_CONSTANT_CONVERSION = YES;
				CLANG_WARN_DIRECT_OBJC_ISA_USAGE = YES_ERROR;
				CLANG_WARN_EMPTY_BODY = YES;
				CLANG_WARN_ENUM_CONVERSION = YES;
				CLANG_WARN_INT_CONVERSION = YES;
				CLANG_WARN_OBJC_ROOT_CLASS = YES_ERROR;
				CLANG_WARN_UNREACHABLE_CODE = YES;
				CLANG_WARN__DUPLICATE_METHOD_MATCH = YES;
				"CODE_SIGN_IDENTITY[sdk=iphoneos*]" = "iPhone Developer";
				COPY_PHASE_STRIP = NO;
				DEBUG_INFORMATION_FORMAT = dwarf;
				ENABLE_STRICT_OBJC_MSGSEND = YES;
				ENABLE_TESTABILITY = YES;
				GCC_C_LANGUAGE_STANDARD = gnu99;
				GCC_DYNAMIC_NO_PIC = NO;
				GCC_NO_COMMON_BLOCKS = YES;
				GCC_OPTIMIZATION_LEVEL = 0;
				GCC_PREPROCESSOR_DEFINITIONS = (
					"DEBUG=1",
					"$(inherited)",
				);
				GCC_WARN_64_TO_32_BIT_CONVERSION = YES;
				GCC_WARN_ABOUT_RETURN_TYPE = YES_ERROR;
				GCC_WARN_UNDECLARED_SELECTOR = YES;
				GCC_WARN_UNINITIALIZED_AUTOS = YES_AGGRESSIVE;
				GCC_WARN_UNUSED_FUNCTION = YES;
				GCC_WARN_UNUSED_VARIABLE = YES;
				IPHONEOS_DEPLOYMENT_TARGET = 9.3;
				MTL_ENABLE_DEBUG_INFO = YES;
				ONLY_ACTIVE_ARCH = YES;
				SDKROOT = iphoneos;
				SWIFT_OPTIMIZATION_LEVEL = "-Onone";
				TARGETED_DEVICE_FAMILY = "1,2";
			};
			name = Debug;
		};
		F56994E91CD11E20001B9563 /* Release */ = {
			isa = XCBuildConfiguration;
			buildSettings = {
				ALWAYS_SEARCH_USER_PATHS = NO;
				CLANG_ANALYZER_NONNULL = YES;
				CLANG_CXX_LANGUAGE_STANDARD = "gnu++0x";
				CLANG_CXX_LIBRARY = "libc++";
				CLANG_ENABLE_MODULES = YES;
				CLANG_ENABLE_OBJC_ARC = YES;
				CLANG_WARN_BOOL_CONVERSION = YES;
				CLANG_WARN_CONSTANT_CONVERSION = YES;
				CLANG_WARN_DIRECT_OBJC_ISA_USAGE = YES_ERROR;
				CLANG_WARN_EMPTY_BODY = YES;
				CLANG_WARN_ENUM_CONVERSION = YES;
				CLANG_WARN_INT_CONVERSION = YES;
				CLANG_WARN_OBJC_ROOT_CLASS = YES_ERROR;
				CLANG_WARN_UNREACHABLE_CODE = YES;
				CLANG_WARN__DUPLICATE_METHOD_MATCH = YES;
				"CODE_SIGN_IDENTITY[sdk=iphoneos*]" = "iPhone Developer";
				COPY_PHASE_STRIP = NO;
				DEBUG_INFORMATION_FORMAT = "dwarf-with-dsym";
				ENABLE_NS_ASSERTIONS = NO;
				ENABLE_STRICT_OBJC_MSGSEND = YES;
				GCC_C_LANGUAGE_STANDARD = gnu99;
				GCC_NO_COMMON_BLOCKS = YES;
				GCC_WARN_64_TO_32_BIT_CONVERSION = YES;
				GCC_WARN_ABOUT_RETURN_TYPE = YES_ERROR;
				GCC_WARN_UNDECLARED_SELECTOR = YES;
				GCC_WARN_UNINITIALIZED_AUTOS = YES_AGGRESSIVE;
				GCC_WARN_UNUSED_FUNCTION = YES;
				GCC_WARN_UNUSED_VARIABLE = YES;
				IPHONEOS_DEPLOYMENT_TARGET = 9.3;
				MTL_ENABLE_DEBUG_INFO = NO;
				SDKROOT = iphoneos;
				TARGETED_DEVICE_FAMILY = "1,2";
				VALIDATE_PRODUCT = YES;
			};
			name = Release;
		};
		F56994EB1CD11E20001B9563 /* Debug */ = {
			isa = XCBuildConfiguration;
			baseConfigurationReference = 9EAB79D1657E1B457CE42287 /* Pods-TableviewExercise.debug.xcconfig */;
			buildSettings = {
				ASSETCATALOG_COMPILER_APPICON_NAME = AppIcon;
				DEVELOPMENT_TEAM = D4MTBNMTU5;
				INFOPLIST_FILE = TableviewExercise/Info.plist;
				LD_RUNPATH_SEARCH_PATHS = "$(inherited) @executable_path/Frameworks";
				PRODUCT_BUNDLE_IDENTIFIER = edison.TableviewExercise;
				PRODUCT_NAME = "$(TARGET_NAME)";
				SWIFT_VERSION = 3.0;
			};
			name = Debug;
		};
		F56994EC1CD11E20001B9563 /* Release */ = {
			isa = XCBuildConfiguration;
			baseConfigurationReference = 0035C70EC24AB9D99F1C35F4 /* Pods-TableviewExercise.release.xcconfig */;
			buildSettings = {
				ASSETCATALOG_COMPILER_APPICON_NAME = AppIcon;
				DEVELOPMENT_TEAM = D4MTBNMTU5;
				INFOPLIST_FILE = TableviewExercise/Info.plist;
				LD_RUNPATH_SEARCH_PATHS = "$(inherited) @executable_path/Frameworks";
				PRODUCT_BUNDLE_IDENTIFIER = edison.TableviewExercise;
				PRODUCT_NAME = "$(TARGET_NAME)";
				SWIFT_VERSION = 3.0;
			};
			name = Release;
		};
/* End XCBuildConfiguration section */

/* Begin XCConfigurationList section */
		F56994D31CD11E20001B9563 /* Build configuration list for PBXProject "TableviewExercise" */ = {
			isa = XCConfigurationList;
			buildConfigurations = (
				F56994E81CD11E20001B9563 /* Debug */,
				F56994E91CD11E20001B9563 /* Release */,
			);
			defaultConfigurationIsVisible = 0;
			defaultConfigurationName = Release;
		};
		F56994EA1CD11E20001B9563 /* Build configuration list for PBXNativeTarget "TableviewExercise" */ = {
			isa = XCConfigurationList;
			buildConfigurations = (
				F56994EB1CD11E20001B9563 /* Debug */,
				F56994EC1CD11E20001B9563 /* Release */,
			);
			defaultConfigurationIsVisible = 0;
			defaultConfigurationName = Release;
		};
/* End XCConfigurationList section */
	};
	rootObject = F56994D01CD11E20001B9563 /* Project object */;
}
