// !$*UTF8*$!
{
	archiveVersion = 1;
	classes = {
	};
	objectVersion = 46;
	objects = {

/* Begin PBXBuildFile section */
		6B09A94485FF36781795B312 /* Pods_PullToRefreshTableView.framework in Frameworks */ = {isa = PBXBuildFile; fileRef = 1FCE53C81F0261D0CC1065FB /* Pods_PullToRefreshTableView.framework */; };
		F5293B2A1CC15C8B003CDA9C /* AppDelegate.swift in Sources */ = {isa = PBXBuildFile; fileRef = F5293B291CC15C8B003CDA9C /* AppDelegate.swift */; };
		F5293B2C1CC15C8B003CDA9C /* ViewController.swift in Sources */ = {isa = PBXBuildFile; fileRef = F5293B2B1CC15C8B003CDA9C /* ViewController.swift */; };
		F5293B2F1CC15C8B003CDA9C /* Main.storyboard in Resources */ = {isa = PBXBuildFile; fileRef = F5293B2D1CC15C8B003CDA9C /* Main.storyboard */; };
		F5293B311CC15C8B003CDA9C /* Assets.xcassets in Resources */ = {isa = PBXBuildFile; fileRef = F5293B301CC15C8B003CDA9C /* Assets.xcassets */; };
		F5293B341CC15C8B003CDA9C /* LaunchScreen.storyboard in Resources */ = {isa = PBXBuildFile; fileRef = F5293B321CC15C8B003CDA9C /* LaunchScreen.storyboard */; };
/* End PBXBuildFile section */

/* Begin PBXFileReference section */
		1FCE53C81F0261D0CC1065FB /* Pods_PullToRefreshTableView.framework */ = {isa = PBXFileReference; explicitFileType = wrapper.framework; includeInIndex = 0; path = Pods_PullToRefreshTableView.framework; sourceTree = BUILT_PRODUCTS_DIR; };
		270B12B1F607934B466B727F /* Pods-PullToRefreshTableView.debug.xcconfig */ = {isa = PBXFileReference; includeInIndex = 1; lastKnownFileType = text.xcconfig; name = "Pods-PullToRefreshTableView.debug.xcconfig"; path = "Pods/Target Support Files/Pods-PullToRefreshTableView/Pods-PullToRefreshTableView.debug.xcconfig"; sourceTree = "<group>"; };
		39F428A9F4F024B6E5885F88 /* Pods-PullToRefreshTableView.release.xcconfig */ = {isa = PBXFileReference; includeInIndex = 1; lastKnownFileType = text.xcconfig; name = "Pods-PullToRefreshTableView.release.xcconfig"; path = "Pods/Target Support Files/Pods-PullToRefreshTableView/Pods-PullToRefreshTableView.release.xcconfig"; sourceTree = "<group>"; };
		F5293B261CC15C8B003CDA9C /* PullToRefreshTableView.app */ = {isa = PBXFileReference; explicitFileType = wrapper.application; includeInIndex = 0; path = PullToRefreshTableView.app; sourceTree = BUILT_PRODUCTS_DIR; };
		F5293B291CC15C8B003CDA9C /* AppDelegate.swift */ = {isa = PBXFileReference; lastKnownFileType = sourcecode.swift; path = AppDelegate.swift; sourceTree = "<group>"; };
		F5293B2B1CC15C8B003CDA9C /* ViewController.swift */ = {isa = PBXFileReference; lastKnownFileType = sourcecode.swift; path = ViewController.swift; sourceTree = "<group>"; };
		F5293B2E1CC15C8B003CDA9C /* Base */ = {isa = PBXFileReference; lastKnownFileType = file.storyboard; name = Base; path = Base.lproj/Main.storyboard; sourceTree = "<group>"; };
		F5293B301CC15C8B003CDA9C /* Assets.xcassets */ = {isa = PBXFileReference; lastKnownFileType = folder.assetcatalog; path = Assets.xcassets; sourceTree = "<group>"; };
		F5293B331CC15C8B003CDA9C /* Base */ = {isa = PBXFileReference; lastKnownFileType = file.storyboard; name = Base; path = Base.lproj/LaunchScreen.storyboard; sourceTree = "<group>"; };
		F5293B351CC15C8B003CDA9C /* Info.plist */ = {isa = PBXFileReference; lastKnownFileType = text.plist.xml; path = Info.plist; sourceTree = "<group>"; };
/* End PBXFileReference section */

/* Begin PBXFrameworksBuildPhase section */
		F5293B231CC15C8B003CDA9C /* Frameworks */ = {
			isa = PBXFrameworksBuildPhase;
			buildActionMask = 2147483647;
			files = (
				6B09A94485FF36781795B312 /* Pods_PullToRefreshTableView.framework in Frameworks */,
			);
			runOnlyForDeploymentPostprocessing = 0;
		};
/* End PBXFrameworksBuildPhase section */

/* Begin PBXGroup section */
		070A4EE3DA1540C723D5895E /* Frameworks */ = {
			isa = PBXGroup;
			children = (
				1FCE53C81F0261D0CC1065FB /* Pods_PullToRefreshTableView.framework */,
			);
			name = Frameworks;
			sourceTree = "<group>";
		};
		572E7F61B7BAE2E5B68ECDE8 /* Pods */ = {
			isa = PBXGroup;
			children = (
				270B12B1F607934B466B727F /* Pods-PullToRefreshTableView.debug.xcconfig */,
				39F428A9F4F024B6E5885F88 /* Pods-PullToRefreshTableView.release.xcconfig */,
			);
			name = Pods;
			sourceTree = "<group>";
		};
		F5293B1D1CC15C8B003CDA9C = {
			isa = PBXGroup;
			children = (
				F5293B281CC15C8B003CDA9C /* PullToRefreshTableView */,
				F5293B271CC15C8B003CDA9C /* Products */,
				572E7F61B7BAE2E5B68ECDE8 /* Pods */,
				070A4EE3DA1540C723D5895E /* Frameworks */,
			);
			sourceTree = "<group>";
		};
		F5293B271CC15C8B003CDA9C /* Products */ = {
			isa = PBXGroup;
			children = (
				F5293B261CC15C8B003CDA9C /* PullToRefreshTableView.app */,
			);
			name = Products;
			sourceTree = "<group>";
		};
		F5293B281CC15C8B003CDA9C /* PullToRefreshTableView */ = {
			isa = PBXGroup;
			children = (
				F5293B291CC15C8B003CDA9C /* AppDelegate.swift */,
				F5293B2B1CC15C8B003CDA9C /* ViewController.swift */,
				F5293B2D1CC15C8B003CDA9C /* Main.storyboard */,
				F5293B301CC15C8B003CDA9C /* Assets.xcassets */,
				F5293B321CC15C8B003CDA9C /* LaunchScreen.storyboard */,
				F5293B351CC15C8B003CDA9C /* Info.plist */,
			);
			path = PullToRefreshTableView;
			sourceTree = "<group>";
		};
/* End PBXGroup section */

/* Begin PBXNativeTarget section */
		F5293B251CC15C8B003CDA9C /* PullToRefreshTableView */ = {
			isa = PBXNativeTarget;
			buildConfigurationList = F5293B381CC15C8B003CDA9C /* Build configuration list for PBXNativeTarget "PullToRefreshTableView" */;
			buildPhases = (
				6FF3E00AED6E9D76B06A0468 /* [CP] Check Pods Manifest.lock */,
				F5293B221CC15C8B003CDA9C /* Sources */,
				F5293B231CC15C8B003CDA9C /* Frameworks */,
				F5293B241CC15C8B003CDA9C /* Resources */,
				698F50BD92D3E4B08B5C0F7E /* [CP] Embed Pods Frameworks */,
				D2282DF031B934C17F886C84 /* [CP] Copy Pods Resources */,
			);
			buildRules = (
			);
			dependencies = (
			);
			name = PullToRefreshTableView;
			productName = PullToRefreshTableView;
			productReference = F5293B261CC15C8B003CDA9C /* PullToRefreshTableView.app */;
			productType = "com.apple.product-type.application";
		};
/* End PBXNativeTarget section */

/* Begin PBXProject section */
		F5293B1E1CC15C8B003CDA9C /* Project object */ = {
			isa = PBXProject;
			attributes = {
				LastSwiftUpdateCheck = 0730;
				LastUpgradeCheck = 0730;
				ORGANIZATIONNAME = edison;
				TargetAttributes = {
					F5293B251CC15C8B003CDA9C = {
						CreatedOnToolsVersion = 7.3;
						DevelopmentTeam = D4MTBNMTU5;
						LastSwiftMigration = 0830;
					};
				};
			};
			buildConfigurationList = F5293B211CC15C8B003CDA9C /* Build configuration list for PBXProject "PullToRefreshTableView" */;
			compatibilityVersion = "Xcode 3.2";
			developmentRegion = English;
			hasScannedForEncodings = 0;
			knownRegions = (
				en,
				Base,
			);
			mainGroup = F5293B1D1CC15C8B003CDA9C;
			productRefGroup = F5293B271CC15C8B003CDA9C /* Products */;
			projectDirPath = "";
			projectRoot = "";
			targets = (
				F5293B251CC15C8B003CDA9C /* PullToRefreshTableView */,
			);
		};
/* End PBXProject section */

/* Begin PBXResourcesBuildPhase section */
		F5293B241CC15C8B003CDA9C /* Resources */ = {
			isa = PBXResourcesBuildPhase;
			buildActionMask = 2147483647;
			files = (
				F5293B341CC15C8B003CDA9C /* LaunchScreen.storyboard in Resources */,
				F5293B311CC15C8B003CDA9C /* Assets.xcassets in Resources */,
				F5293B2F1CC15C8B003CDA9C /* Main.storyboard in Resources */,
			);
			runOnlyForDeploymentPostprocessing = 0;
		};
/* End PBXResourcesBuildPhase section */

/* Begin PBXShellScriptBuildPhase section */
		698F50BD92D3E4B08B5C0F7E /* [CP] Embed Pods Frameworks */ = {
			isa = PBXShellScriptBuildPhase;
			buildActionMask = 2147483647;
			files = (
			);
			inputPaths = (
			);
			name = "[CP] Embed Pods Frameworks";
			outputPaths = (
			);
			runOnlyForDeploymentPostprocessing = 0;
			shellPath = /bin/sh;
			shellScript = "\"${SRCROOT}/Pods/Target Support Files/Pods-PullToRefreshTableView/Pods-PullToRefreshTableView-frameworks.sh\"\n";
			showEnvVarsInLog = 0;
		};
		6FF3E00AED6E9D76B06A0468 /* [CP] Check Pods Manifest.lock */ = {
			isa = PBXShellScriptBuildPhase;
			buildActionMask = 2147483647;
			files = (
			);
			inputPaths = (
			);
			name = "[CP] Check Pods Manifest.lock";
			outputPaths = (
			);
			runOnlyForDeploymentPostprocessing = 0;
			shellPath = /bin/sh;
			shellScript = "diff \"${PODS_ROOT}/../Podfile.lock\" \"${PODS_ROOT}/Manifest.lock\" > /dev/null\nif [ $? != 0 ] ; then\n    # print error to STDERR\n    echo \"error: The sandbox is not in sync with the Podfile.lock. Run 'pod install' or update your CocoaPods installation.\" >&2\n    exit 1\nfi\n";
			showEnvVarsInLog = 0;
		};
		D2282DF031B934C17F886C84 /* [CP] Copy Pods Resources */ = {
			isa = PBXShellScriptBuildPhase;
			buildActionMask = 2147483647;
			files = (
			);
			inputPaths = (
			);
			name = "[CP] Copy Pods Resources";
			outputPaths = (
			);
			runOnlyForDeploymentPostprocessing = 0;
			shellPath = /bin/sh;
			shellScript = "\"${SRCROOT}/Pods/Target Support Files/Pods-PullToRefreshTableView/Pods-PullToRefreshTableView-resources.sh\"\n";
			showEnvVarsInLog = 0;
		};
/* End PBXShellScriptBuildPhase section */

/* Begin PBXSourcesBuildPhase section */
		F5293B221CC15C8B003CDA9C /* Sources */ = {
			isa = PBXSourcesBuildPhase;
			buildActionMask = 2147483647;
			files = (
				F5293B2C1CC15C8B003CDA9C /* ViewController.swift in Sources */,
				F5293B2A1CC15C8B003CDA9C /* AppDelegate.swift in Sources */,
			);
			runOnlyForDeploymentPostprocessing = 0;
		};
/* End PBXSourcesBuildPhase section */

/* Begin PBXVariantGroup section */
		F5293B2D1CC15C8B003CDA9C /* Main.storyboard */ = {
			isa = PBXVariantGroup;
			children = (
				F5293B2E1CC15C8B003CDA9C /* Base */,
			);
			name = Main.storyboard;
			sourceTree = "<group>";
		};
		F5293B321CC15C8B003CDA9C /* LaunchScreen.storyboard */ = {
			isa = PBXVariantGroup;
			children = (
				F5293B331CC15C8B003CDA9C /* Base */,
			);
			name = LaunchScreen.storyboard;
			sourceTree = "<group>";
		};
/* End PBXVariantGroup section */

/* Begin XCBuildConfiguration section */
		F5293B361CC15C8B003CDA9C /* Debug */ = {
			isa = XCBuildConfiguration;
			buildSettings = {
				ALWAYS_SEARCH_USER_PATHS = NO;
				CLANG_ANALYZER_NONNULL = YES;
				CLANG_CXX_LANGUAGE_STANDARD = "gnu++0x";
				CLANG_CXX_LIBRARY = "libc++";
				CLANG_ENABLE_MODULES = YES;
				CLANG_ENABLE_OBJC_ARC = YES;
				CLANG_WARN_BOOL_CONVERSION = YES;
				CLANG_WARN_CONSTANT_CONVERSION = YES;
				CLANG_WARN_DIRECT_OBJC_ISA_USAGE = YES_ERROR;
				CLANG_WARN_EMPTY_BODY = YES;
				CLANG_WARN_ENUM_CONVERSION = YES;
				CLANG_WARN_INT_CONVERSION = YES;
				CLANG_WARN_OBJC_ROOT_CLASS = YES_ERROR;
				CLANG_WARN_UNREACHABLE_CODE = YES;
				CLANG_WARN__DUPLICATE_METHOD_MATCH = YES;
				"CODE_SIGN_IDENTITY[sdk=iphoneos*]" = "iPhone Developer";
				COPY_PHASE_STRIP = NO;
				DEBUG_INFORMATION_FORMAT = dwarf;
				ENABLE_STRICT_OBJC_MSGSEND = YES;
				ENABLE_TESTABILITY = YES;
				GCC_C_LANGUAGE_STANDARD = gnu99;
				GCC_DYNAMIC_NO_PIC = NO;
				GCC_NO_COMMON_BLOCKS = YES;
				GCC_OPTIMIZATION_LEVEL = 0;
				GCC_PREPROCESSOR_DEFINITIONS = (
					"DEBUG=1",
					"$(inherited)",
				);
				GCC_WARN_64_TO_32_BIT_CONVERSION = YES;
				GCC_WARN_ABOUT_RETURN_TYPE = YES_ERROR;
				GCC_WARN_UNDECLARED_SELECTOR = YES;
				GCC_WARN_UNINITIALIZED_AUTOS = YES_AGGRESSIVE;
				GCC_WARN_UNUSED_FUNCTION = YES;
				GCC_WARN_UNUSED_VARIABLE = YES;
				IPHONEOS_DEPLOYMENT_TARGET = 9.3;
				MTL_ENABLE_DEBUG_INFO = YES;
				ONLY_ACTIVE_ARCH = YES;
				SDKROOT = iphoneos;
				SWIFT_OPTIMIZATION_LEVEL = "-Onone";
				TARGETED_DEVICE_FAMILY = "1,2";
			};
			name = Debug;
		};
		F5293B371CC15C8B003CDA9C /* Release */ = {
			isa = XCBuildConfiguration;
			buildSettings = {
				ALWAYS_SEARCH_USER_PATHS = NO;
				CLANG_ANALYZER_NONNULL = YES;
				CLANG_CXX_LANGUAGE_STANDARD = "gnu++0x";
				CLANG_CXX_LIBRARY = "libc++";
				CLANG_ENABLE_MODULES = YES;
				CLANG_ENABLE_OBJC_ARC = YES;
				CLANG_WARN_BOOL_CONVERSION = YES;
				CLANG_WARN_CONSTANT_CONVERSION = YES;
				CLANG_WARN_DIRECT_OBJC_ISA_USAGE = YES_ERROR;
				CLANG_WARN_EMPTY_BODY = YES;
				CLANG_WARN_ENUM_CONVERSION = YES;
				CLANG_WARN_INT_CONVERSION = YES;
				CLANG_WARN_OBJC_ROOT_CLASS = YES_ERROR;
				CLANG_WARN_UNREACHABLE_CODE = YES;
				CLANG_WARN__DUPLICATE_METHOD_MATCH = YES;
				"CODE_SIGN_IDENTITY[sdk=iphoneos*]" = "iPhone Developer";
				COPY_PHASE_STRIP = NO;
				DEBUG_INFORMATION_FORMAT = "dwarf-with-dsym";
				ENABLE_NS_ASSERTIONS = NO;
				ENABLE_STRICT_OBJC_MSGSEND = YES;
				GCC_C_LANGUAGE_STANDARD = gnu99;
				GCC_NO_COMMON_BLOCKS = YES;
				GCC_WARN_64_TO_32_BIT_CONVERSION = YES;
				GCC_WARN_ABOUT_RETURN_TYPE = YES_ERROR;
				GCC_WARN_UNDECLARED_SELECTOR = YES;
				GCC_WARN_UNINITIALIZED_AUTOS = YES_AGGRESSIVE;
				GCC_WARN_UNUSED_FUNCTION = YES;
				GCC_WARN_UNUSED_VARIABLE = YES;
				IPHONEOS_DEPLOYMENT_TARGET = 9.3;
				MTL_ENABLE_DEBUG_INFO = NO;
				SDKROOT = iphoneos;
				TARGETED_DEVICE_FAMILY = "1,2";
				VALIDATE_PRODUCT = YES;
			};
			name = Release;
		};
		F5293B391CC15C8B003CDA9C /* Debug */ = {
			isa = XCBuildConfiguration;
			baseConfigurationReference = 270B12B1F607934B466B727F /* Pods-PullToRefreshTableView.debug.xcconfig */;
			buildSettings = {
				ASSETCATALOG_COMPILER_APPICON_NAME = AppIcon;
				DEVELOPMENT_TEAM = D4MTBNMTU5;
				INFOPLIST_FILE = PullToRefreshTableView/Info.plist;
				LD_RUNPATH_SEARCH_PATHS = "$(inherited) @executable_path/Frameworks";
				PRODUCT_BUNDLE_IDENTIFIER = com.edison.PullToRefreshTableView;
				PRODUCT_NAME = "$(TARGET_NAME)";
				SWIFT_VERSION = 3.0;
			};
			name = Debug;
		};
		F5293B3A1CC15C8B003CDA9C /* Release */ = {
			isa = XCBuildConfiguration;
			baseConfigurationReference = 39F428A9F4F024B6E5885F88 /* Pods-PullToRefreshTableView.release.xcconfig */;
			buildSettings = {
				ASSETCATALOG_COMPILER_APPICON_NAME = AppIcon;
				DEVELOPMENT_TEAM = D4MTBNMTU5;
				INFOPLIST_FILE = PullToRefreshTableView/Info.plist;
				LD_RUNPATH_SEARCH_PATHS = "$(inherited) @executable_path/Frameworks";
				PRODUCT_BUNDLE_IDENTIFIER = com.edison.PullToRefreshTableView;
				PRODUCT_NAME = "$(TARGET_NAME)";
				SWIFT_VERSION = 3.0;
			};
			name = Release;
		};
/* End XCBuildConfiguration section */

/* Begin XCConfigurationList section */
		F5293B211CC15C8B003CDA9C /* Build configuration list for PBXProject "PullToRefreshTableView" */ = {
			isa = XCConfigurationList;
			buildConfigurations = (
				F5293B361CC15C8B003CDA9C /* Debug */,
				F5293B371CC15C8B003CDA9C /* Release */,
			);
			defaultConfigurationIsVisible = 0;
			defaultConfigurationName = Release;
		};
		F5293B381CC15C8B003CDA9C /* Build configuration list for PBXNativeTarget "PullToRefreshTableView" */ = {
			isa = XCConfigurationList;
			buildConfigurations = (
				F5293B391CC15C8B003CDA9C /* Debug */,
				F5293B3A1CC15C8B003CDA9C /* Release */,
			);
			defaultConfigurationIsVisible = 0;
			defaultConfigurationName = Release;
		};
/* End XCConfigurationList section */
	};
	rootObject = F5293B1E1CC15C8B003CDA9C /* Project object */;
}
