// !$*UTF8*$!
{
	archiveVersion = 1;
	classes = {
	};
	objectVersion = 46;
	objects = {

/* Begin PBXBuildFile section */
		8036672B1F00A85600D2BFC8 /* UIImagePickerController+Rx.swift in Sources */ = {isa = PBXBuildFile; fileRef = 8036672A1F00A85600D2BFC8 /* UIImagePickerController+Rx.swift */; };
		CA9B214793AA91D82ABD962A /* Pods_AddPhotoFromCameraRoll.framework in Frameworks */ = {isa = PBXBuildFile; fileRef = 8A23B48C398EB960683EDF64 /* Pods_AddPhotoFromCameraRoll.framework */; };
		F5533C4A1CBFE68900376ADC /* AppDelegate.swift in Sources */ = {isa = PBXBuildFile; fileRef = F5533C491CBFE68900376ADC /* AppDelegate.swift */; };
		F5533C4C1CBFE68900376ADC /* ViewController.swift in Sources */ = {isa = PBXBuildFile; fileRef = F5533C4B1CBFE68900376ADC /* ViewController.swift */; };
		F5533C4F1CBFE68900376ADC /* Main.storyboard in Resources */ = {isa = PBXBuildFile; fileRef = F5533C4D1CBFE68900376ADC /* Main.storyboard */; };
		F5533C511CBFE68900376ADC /* Assets.xcassets in Resources */ = {isa = PBXBuildFile; fileRef = F5533C501CBFE68900376ADC /* Assets.xcassets */; };
		F5533C541CBFE68900376ADC /* LaunchScreen.storyboard in Resources */ = {isa = PBXBuildFile; fileRef = F5533C521CBFE68900376ADC /* LaunchScreen.storyboard */; };
		F59011711CC14AF40019D4D2 /* UIImagePickerController+RxCreate.swift in Sources */ = {isa = PBXBuildFile; fileRef = F59011701CC14AF40019D4D2 /* UIImagePickerController+RxCreate.swift */; };
/* End PBXBuildFile section */

/* Begin PBXFileReference section */
		72B6D4ECEA6B85576BA89626 /* Pods-AddPhotoFromCameraRoll.debug.xcconfig */ = {isa = PBXFileReference; includeInIndex = 1; lastKnownFileType = text.xcconfig; name = "Pods-AddPhotoFromCameraRoll.debug.xcconfig"; path = "Pods/Target Support Files/Pods-AddPhotoFromCameraRoll/Pods-AddPhotoFromCameraRoll.debug.xcconfig"; sourceTree = "<group>"; };
		8036672A1F00A85600D2BFC8 /* UIImagePickerController+Rx.swift */ = {isa = PBXFileReference; fileEncoding = 4; lastKnownFileType = sourcecode.swift; path = "UIImagePickerController+Rx.swift"; sourceTree = "<group>"; };
		8A23B48C398EB960683EDF64 /* Pods_AddPhotoFromCameraRoll.framework */ = {isa = PBXFileReference; explicitFileType = wrapper.framework; includeInIndex = 0; path = Pods_AddPhotoFromCameraRoll.framework; sourceTree = BUILT_PRODUCTS_DIR; };
		B97554E426F443821D821505 /* Pods-AddPhotoFromCameraRoll.release.xcconfig */ = {isa = PBXFileReference; includeInIndex = 1; lastKnownFileType = text.xcconfig; name = "Pods-AddPhotoFromCameraRoll.release.xcconfig"; path = "Pods/Target Support Files/Pods-AddPhotoFromCameraRoll/Pods-AddPhotoFromCameraRoll.release.xcconfig"; sourceTree = "<group>"; };
		F5533C461CBFE68900376ADC /* AddPhotoFromCameraRoll.app */ = {isa = PBXFileReference; explicitFileType = wrapper.application; includeInIndex = 0; path = AddPhotoFromCameraRoll.app; sourceTree = BUILT_PRODUCTS_DIR; };
		F5533C491CBFE68900376ADC /* AppDelegate.swift */ = {isa = PBXFileReference; lastKnownFileType = sourcecode.swift; path = AppDelegate.swift; sourceTree = "<group>"; };
		F5533C4B1CBFE68900376ADC /* ViewController.swift */ = {isa = PBXFileReference; lastKnownFileType = sourcecode.swift; path = ViewController.swift; sourceTree = "<group>"; };
		F5533C4E1CBFE68900376ADC /* Base */ = {isa = PBXFileReference; lastKnownFileType = file.storyboard; name = Base; path = Base.lproj/Main.storyboard; sourceTree = "<group>"; };
		F5533C501CBFE68900376ADC /* Assets.xcassets */ = {isa = PBXFileReference; lastKnownFileType = folder.assetcatalog; path = Assets.xcassets; sourceTree = "<group>"; };
		F5533C531CBFE68900376ADC /* Base */ = {isa = PBXFileReference; lastKnownFileType = file.storyboard; name = Base; path = Base.lproj/LaunchScreen.storyboard; sourceTree = "<group>"; };
		F5533C551CBFE68900376ADC /* Info.plist */ = {isa = PBXFileReference; lastKnownFileType = text.plist.xml; path = Info.plist; sourceTree = "<group>"; };
		F59011701CC14AF40019D4D2 /* UIImagePickerController+RxCreate.swift */ = {isa = PBXFileReference; fileEncoding = 4; lastKnownFileType = sourcecode.swift; path = "UIImagePickerController+RxCreate.swift"; sourceTree = "<group>"; };
/* End PBXFileReference section */

/* Begin PBXFrameworksBuildPhase section */
		F5533C431CBFE68900376ADC /* Frameworks */ = {
			isa = PBXFrameworksBuildPhase;
			buildActionMask = 2147483647;
			files = (
				CA9B214793AA91D82ABD962A /* Pods_AddPhotoFromCameraRoll.framework in Frameworks */,
			);
			runOnlyForDeploymentPostprocessing = 0;
		};
/* End PBXFrameworksBuildPhase section */

/* Begin PBXGroup section */
		10A006343FE0A5B88413B1D8 /* Pods */ = {
			isa = PBXGroup;
			children = (
				72B6D4ECEA6B85576BA89626 /* Pods-AddPhotoFromCameraRoll.debug.xcconfig */,
				B97554E426F443821D821505 /* Pods-AddPhotoFromCameraRoll.release.xcconfig */,
			);
			name = Pods;
			sourceTree = "<group>";
		};
		66F0E2CF4CB3533B288BCA0D /* Frameworks */ = {
			isa = PBXGroup;
			children = (
				8A23B48C398EB960683EDF64 /* Pods_AddPhotoFromCameraRoll.framework */,
			);
			name = Frameworks;
			sourceTree = "<group>";
		};
		F5533C3D1CBFE68900376ADC = {
			isa = PBXGroup;
			children = (
				F5533C481CBFE68900376ADC /* AddPhotoFromCameraRoll */,
				F5533C471CBFE68900376ADC /* Products */,
				10A006343FE0A5B88413B1D8 /* Pods */,
				66F0E2CF4CB3533B288BCA0D /* Frameworks */,
			);
			sourceTree = "<group>";
		};
		F5533C471CBFE68900376ADC /* Products */ = {
			isa = PBXGroup;
			children = (
				F5533C461CBFE68900376ADC /* AddPhotoFromCameraRoll.app */,
			);
			name = Products;
			sourceTree = "<group>";
		};
		F5533C481CBFE68900376ADC /* AddPhotoFromCameraRoll */ = {
			isa = PBXGroup;
			children = (
				F5533C491CBFE68900376ADC /* AppDelegate.swift */,
				F5533C4B1CBFE68900376ADC /* ViewController.swift */,
				8036672A1F00A85600D2BFC8 /* UIImagePickerController+Rx.swift */,
				F59011701CC14AF40019D4D2 /* UIImagePickerController+RxCreate.swift */,
				F5533C4D1CBFE68900376ADC /* Main.storyboard */,
				F5533C501CBFE68900376ADC /* Assets.xcassets */,
				F5533C521CBFE68900376ADC /* LaunchScreen.storyboard */,
				F5533C551CBFE68900376ADC /* Info.plist */,
			);
			path = AddPhotoFromCameraRoll;
			sourceTree = "<group>";
		};
/* End PBXGroup section */

/* Begin PBXNativeTarget section */
		F5533C451CBFE68900376ADC /* AddPhotoFromCameraRoll */ = {
			isa = PBXNativeTarget;
			buildConfigurationList = F5533C581CBFE68900376ADC /* Build configuration list for PBXNativeTarget "AddPhotoFromCameraRoll" */;
			buildPhases = (
				7343F57ACF8F78D5E9DEA4D5 /* [CP] Check Pods Manifest.lock */,
				F5533C421CBFE68900376ADC /* Sources */,
				F5533C431CBFE68900376ADC /* Frameworks */,
				F5533C441CBFE68900376ADC /* Resources */,
				04CA28270FAF7969C4A4E6F6 /* [CP] Embed Pods Frameworks */,
				58DE6B05F2272C1DFEAA5B39 /* [CP] Copy Pods Resources */,
			);
			buildRules = (
			);
			dependencies = (
			);
			name = AddPhotoFromCameraRoll;
			productName = AddPhotoFromCameraRoll;
			productReference = F5533C461CBFE68900376ADC /* AddPhotoFromCameraRoll.app */;
			productType = "com.apple.product-type.application";
		};
/* End PBXNativeTarget section */

/* Begin PBXProject section */
		F5533C3E1CBFE68900376ADC /* Project object */ = {
			isa = PBXProject;
			attributes = {
				LastSwiftUpdateCheck = 0730;
				LastUpgradeCheck = 0730;
				ORGANIZATIONNAME = edison;
				TargetAttributes = {
					F5533C451CBFE68900376ADC = {
						CreatedOnToolsVersion = 7.3;
						DevelopmentTeam = D4MTBNMTU5;
						LastSwiftMigration = 0830;
					};
				};
			};
			buildConfigurationList = F5533C411CBFE68900376ADC /* Build configuration list for PBXProject "AddPhotoFromCameraRoll" */;
			compatibilityVersion = "Xcode 3.2";
			developmentRegion = English;
			hasScannedForEncodings = 0;
			knownRegions = (
				en,
				Base,
			);
			mainGroup = F5533C3D1CBFE68900376ADC;
			productRefGroup = F5533C471CBFE68900376ADC /* Products */;
			projectDirPath = "";
			projectRoot = "";
			targets = (
				F5533C451CBFE68900376ADC /* AddPhotoFromCameraRoll */,
			);
		};
/* End PBXProject section */

/* Begin PBXResourcesBuildPhase section */
		F5533C441CBFE68900376ADC /* Resources */ = {
			isa = PBXResourcesBuildPhase;
			buildActionMask = 2147483647;
			files = (
				F5533C541CBFE68900376ADC /* LaunchScreen.storyboard in Resources */,
				F5533C511CBFE68900376ADC /* Assets.xcassets in Resources */,
				F5533C4F1CBFE68900376ADC /* Main.storyboard in Resources */,
			);
			runOnlyForDeploymentPostprocessing = 0;
		};
/* End PBXResourcesBuildPhase section */

/* Begin PBXShellScriptBuildPhase section */
		04CA28270FAF7969C4A4E6F6 /* [CP] Embed Pods Frameworks */ = {
			isa = PBXShellScriptBuildPhase;
			buildActionMask = 2147483647;
			files = (
			);
			inputPaths = (
			);
			name = "[CP] Embed Pods Frameworks";
			outputPaths = (
			);
			runOnlyForDeploymentPostprocessing = 0;
			shellPath = /bin/sh;
			shellScript = "\"${SRCROOT}/Pods/Target Support Files/Pods-AddPhotoFromCameraRoll/Pods-AddPhotoFromCameraRoll-frameworks.sh\"\n";
			showEnvVarsInLog = 0;
		};
		58DE6B05F2272C1DFEAA5B39 /* [CP] Copy Pods Resources */ = {
			isa = PBXShellScriptBuildPhase;
			buildActionMask = 2147483647;
			files = (
			);
			inputPaths = (
			);
			name = "[CP] Copy Pods Resources";
			outputPaths = (
			);
			runOnlyForDeploymentPostprocessing = 0;
			shellPath = /bin/sh;
			shellScript = "\"${SRCROOT}/Pods/Target Support Files/Pods-AddPhotoFromCameraRoll/Pods-AddPhotoFromCameraRoll-resources.sh\"\n";
			showEnvVarsInLog = 0;
		};
		7343F57ACF8F78D5E9DEA4D5 /* [CP] Check Pods Manifest.lock */ = {
			isa = PBXShellScriptBuildPhase;
			buildActionMask = 2147483647;
			files = (
			);
			inputPaths = (
			);
			name = "[CP] Check Pods Manifest.lock";
			outputPaths = (
			);
			runOnlyForDeploymentPostprocessing = 0;
			shellPath = /bin/sh;
			shellScript = "diff \"${PODS_ROOT}/../Podfile.lock\" \"${PODS_ROOT}/Manifest.lock\" > /dev/null\nif [ $? != 0 ] ; then\n    # print error to STDERR\n    echo \"error: The sandbox is not in sync with the Podfile.lock. Run 'pod install' or update your CocoaPods installation.\" >&2\n    exit 1\nfi\n";
			showEnvVarsInLog = 0;
		};
/* End PBXShellScriptBuildPhase section */

/* Begin PBXSourcesBuildPhase section */
		F5533C421CBFE68900376ADC /* Sources */ = {
			isa = PBXSourcesBuildPhase;
			buildActionMask = 2147483647;
			files = (
				F59011711CC14AF40019D4D2 /* UIImagePickerController+RxCreate.swift in Sources */,
				F5533C4C1CBFE68900376ADC /* ViewController.swift in Sources */,
				8036672B1F00A85600D2BFC8 /* UIImagePickerController+Rx.swift in Sources */,
				F5533C4A1CBFE68900376ADC /* AppDelegate.swift in Sources */,
			);
			runOnlyForDeploymentPostprocessing = 0;
		};
/* End PBXSourcesBuildPhase section */

/* Begin PBXVariantGroup section */
		F5533C4D1CBFE68900376ADC /* Main.storyboard */ = {
			isa = PBXVariantGroup;
			children = (
				F5533C4E1CBFE68900376ADC /* Base */,
			);
			name = Main.storyboard;
			sourceTree = "<group>";
		};
		F5533C521CBFE68900376ADC /* LaunchScreen.storyboard */ = {
			isa = PBXVariantGroup;
			children = (
				F5533C531CBFE68900376ADC /* Base */,
			);
			name = LaunchScreen.storyboard;
			sourceTree = "<group>";
		};
/* End PBXVariantGroup section */

/* Begin XCBuildConfiguration section */
		F5533C561CBFE68900376ADC /* Debug */ = {
			isa = XCBuildConfiguration;
			buildSettings = {
				ALWAYS_SEARCH_USER_PATHS = NO;
				CLANG_ANALYZER_NONNULL = YES;
				CLANG_CXX_LANGUAGE_STANDARD = "gnu++0x";
				CLANG_CXX_LIBRARY = "libc++";
				CLANG_ENABLE_MODULES = YES;
				CLANG_ENABLE_OBJC_ARC = YES;
				CLANG_WARN_BOOL_CONVERSION = YES;
				CLANG_WARN_CONSTANT_CONVERSION = YES;
				CLANG_WARN_DIRECT_OBJC_ISA_USAGE = YES_ERROR;
				CLANG_WARN_EMPTY_BODY = YES;
				CLANG_WARN_ENUM_CONVERSION = YES;
				CLANG_WARN_INT_CONVERSION = YES;
				CLANG_WARN_OBJC_ROOT_CLASS = YES_ERROR;
				CLANG_WARN_UNREACHABLE_CODE = YES;
				CLANG_WARN__DUPLICATE_METHOD_MATCH = YES;
				"CODE_SIGN_IDENTITY[sdk=iphoneos*]" = "iPhone Developer";
				COPY_PHASE_STRIP = NO;
				DEBUG_INFORMATION_FORMAT = dwarf;
				ENABLE_STRICT_OBJC_MSGSEND = YES;
				ENABLE_TESTABILITY = YES;
				GCC_C_LANGUAGE_STANDARD = gnu99;
				GCC_DYNAMIC_NO_PIC = NO;
				GCC_NO_COMMON_BLOCKS = YES;
				GCC_OPTIMIZATION_LEVEL = 0;
				GCC_PREPROCESSOR_DEFINITIONS = (
					"DEBUG=1",
					"$(inherited)",
				);
				GCC_WARN_64_TO_32_BIT_CONVERSION = YES;
				GCC_WARN_ABOUT_RETURN_TYPE = YES_ERROR;
				GCC_WARN_UNDECLARED_SELECTOR = YES;
				GCC_WARN_UNINITIALIZED_AUTOS = YES_AGGRESSIVE;
				GCC_WARN_UNUSED_FUNCTION = YES;
				GCC_WARN_UNUSED_VARIABLE = YES;
				IPHONEOS_DEPLOYMENT_TARGET = 9.3;
				MTL_ENABLE_DEBUG_INFO = YES;
				ONLY_ACTIVE_ARCH = YES;
				SDKROOT = iphoneos;
				SWIFT_OPTIMIZATION_LEVEL = "-Onone";
				TARGETED_DEVICE_FAMILY = "1,2";
			};
			name = Debug;
		};
		F5533C571CBFE68900376ADC /* Release */ = {
			isa = XCBuildConfiguration;
			buildSettings = {
				ALWAYS_SEARCH_USER_PATHS = NO;
				CLANG_ANALYZER_NONNULL = YES;
				CLANG_CXX_LANGUAGE_STANDARD = "gnu++0x";
				CLANG_CXX_LIBRARY = "libc++";
				CLANG_ENABLE_MODULES = YES;
				CLANG_ENABLE_OBJC_ARC = YES;
				CLANG_WARN_BOOL_CONVERSION = YES;
				CLANG_WARN_CONSTANT_CONVERSION = YES;
				CLANG_WARN_DIRECT_OBJC_ISA_USAGE = YES_ERROR;
				CLANG_WARN_EMPTY_BODY = YES;
				CLANG_WARN_ENUM_CONVERSION = YES;
				CLANG_WARN_INT_CONVERSION = YES;
				CLANG_WARN_OBJC_ROOT_CLASS = YES_ERROR;
				CLANG_WARN_UNREACHABLE_CODE = YES;
				CLANG_WARN__DUPLICATE_METHOD_MATCH = YES;
				"CODE_SIGN_IDENTITY[sdk=iphoneos*]" = "iPhone Developer";
				COPY_PHASE_STRIP = NO;
				DEBUG_INFORMATION_FORMAT = "dwarf-with-dsym";
				ENABLE_NS_ASSERTIONS = NO;
				ENABLE_STRICT_OBJC_MSGSEND = YES;
				GCC_C_LANGUAGE_STANDARD = gnu99;
				GCC_NO_COMMON_BLOCKS = YES;
				GCC_WARN_64_TO_32_BIT_CONVERSION = YES;
				GCC_WARN_ABOUT_RETURN_TYPE = YES_ERROR;
				GCC_WARN_UNDECLARED_SELECTOR = YES;
				GCC_WARN_UNINITIALIZED_AUTOS = YES_AGGRESSIVE;
				GCC_WARN_UNUSED_FUNCTION = YES;
				GCC_WARN_UNUSED_VARIABLE = YES;
				IPHONEOS_DEPLOYMENT_TARGET = 9.3;
				MTL_ENABLE_DEBUG_INFO = NO;
				SDKROOT = iphoneos;
				TARGETED_DEVICE_FAMILY = "1,2";
				VALIDATE_PRODUCT = YES;
			};
			name = Release;
		};
		F5533C591CBFE68900376ADC /* Debug */ = {
			isa = XCBuildConfiguration;
			baseConfigurationReference = 72B6D4ECEA6B85576BA89626 /* Pods-AddPhotoFromCameraRoll.debug.xcconfig */;
			buildSettings = {
				ASSETCATALOG_COMPILER_APPICON_NAME = AppIcon;
				DEVELOPMENT_TEAM = D4MTBNMTU5;
				INFOPLIST_FILE = AddPhotoFromCameraRoll/Info.plist;
				LD_RUNPATH_SEARCH_PATHS = "$(inherited) @executable_path/Frameworks";
				PRODUCT_BUNDLE_IDENTIFIER = com.edison.AddPhotoFromCameraRoll;
				PRODUCT_NAME = "$(TARGET_NAME)";
				SWIFT_VERSION = 3.0;
			};
			name = Debug;
		};
		F5533C5A1CBFE68900376ADC /* Release */ = {
			isa = XCBuildConfiguration;
			baseConfigurationReference = B97554E426F443821D821505 /* Pods-AddPhotoFromCameraRoll.release.xcconfig */;
			buildSettings = {
				ASSETCATALOG_COMPILER_APPICON_NAME = AppIcon;
				DEVELOPMENT_TEAM = D4MTBNMTU5;
				INFOPLIST_FILE = AddPhotoFromCameraRoll/Info.plist;
				LD_RUNPATH_SEARCH_PATHS = "$(inherited) @executable_path/Frameworks";
				PRODUCT_BUNDLE_IDENTIFIER = com.edison.AddPhotoFromCameraRoll;
				PRODUCT_NAME = "$(TARGET_NAME)";
				SWIFT_VERSION = 3.0;
			};
			name = Release;
		};
/* End XCBuildConfiguration section */

/* Begin XCConfigurationList section */
		F5533C411CBFE68900376ADC /* Build configuration list for PBXProject "AddPhotoFromCameraRoll" */ = {
			isa = XCConfigurationList;
			buildConfigurations = (
				F5533C561CBFE68900376ADC /* Debug */,
				F5533C571CBFE68900376ADC /* Release */,
			);
			defaultConfigurationIsVisible = 0;
			defaultConfigurationName = Release;
		};
		F5533C581CBFE68900376ADC /* Build configuration list for PBXNativeTarget "AddPhotoFromCameraRoll" */ = {
			isa = XCConfigurationList;
			buildConfigurations = (
				F5533C591CBFE68900376ADC /* Debug */,
				F5533C5A1CBFE68900376ADC /* Release */,
			);
			defaultConfigurationIsVisible = 0;
			defaultConfigurationName = Release;
		};
/* End XCConfigurationList section */
	};
	rootObject = F5533C3E1CBFE68900376ADC /* Project object */;
}
