// !$*UTF8*$!
{
	archiveVersion = 1;
	classes = {
	};
	objectVersion = 46;
	objects = {

/* Begin PBXBuildFile section */
		885C18AEFAB982B290096C10 /* Pods_SettingTheDate.framework in Frameworks */ = {isa = PBXBuildFile; fileRef = 028B477EA77C6E9D4E722C8F /* Pods_SettingTheDate.framework */; };
		F5F735A91DD4CB71008DD5CC /* AppDelegate.swift in Sources */ = {isa = PBXBuildFile; fileRef = F5F735A81DD4CB71008DD5CC /* AppDelegate.swift */; };
		F5F735AB1DD4CB71008DD5CC /* ViewController.swift in Sources */ = {isa = PBXBuildFile; fileRef = F5F735AA1DD4CB71008DD5CC /* ViewController.swift */; };
		F5F735AE1DD4CB71008DD5CC /* Main.storyboard in Resources */ = {isa = PBXBuildFile; fileRef = F5F735AC1DD4CB71008DD5CC /* Main.storyboard */; };
		F5F735B01DD4CB71008DD5CC /* Assets.xcassets in Resources */ = {isa = PBXBuildFile; fileRef = F5F735AF1DD4CB71008DD5CC /* Assets.xcassets */; };
		F5F735B31DD4CB71008DD5CC /* LaunchScreen.storyboard in Resources */ = {isa = PBXBuildFile; fileRef = F5F735B11DD4CB71008DD5CC /* LaunchScreen.storyboard */; };
/* End PBXBuildFile section */

/* Begin PBXFileReference section */
		028B477EA77C6E9D4E722C8F /* Pods_SettingTheDate.framework */ = {isa = PBXFileReference; explicitFileType = wrapper.framework; includeInIndex = 0; path = Pods_SettingTheDate.framework; sourceTree = BUILT_PRODUCTS_DIR; };
		4E85FB5E28483FD4CFB40461 /* Pods-SettingTheDate.debug.xcconfig */ = {isa = PBXFileReference; includeInIndex = 1; lastKnownFileType = text.xcconfig; name = "Pods-SettingTheDate.debug.xcconfig"; path = "Pods/Target Support Files/Pods-SettingTheDate/Pods-SettingTheDate.debug.xcconfig"; sourceTree = "<group>"; };
		89817076A92B1B2BFBD62665 /* Pods-SettingTheDate.release.xcconfig */ = {isa = PBXFileReference; includeInIndex = 1; lastKnownFileType = text.xcconfig; name = "Pods-SettingTheDate.release.xcconfig"; path = "Pods/Target Support Files/Pods-SettingTheDate/Pods-SettingTheDate.release.xcconfig"; sourceTree = "<group>"; };
		F5F735A51DD4CB71008DD5CC /* SettingTheDate.app */ = {isa = PBXFileReference; explicitFileType = wrapper.application; includeInIndex = 0; path = SettingTheDate.app; sourceTree = BUILT_PRODUCTS_DIR; };
		F5F735A81DD4CB71008DD5CC /* AppDelegate.swift */ = {isa = PBXFileReference; lastKnownFileType = sourcecode.swift; path = AppDelegate.swift; sourceTree = "<group>"; };
		F5F735AA1DD4CB71008DD5CC /* ViewController.swift */ = {isa = PBXFileReference; lastKnownFileType = sourcecode.swift; path = ViewController.swift; sourceTree = "<group>"; };
		F5F735AD1DD4CB71008DD5CC /* Base */ = {isa = PBXFileReference; lastKnownFileType = file.storyboard; name = Base; path = Base.lproj/Main.storyboard; sourceTree = "<group>"; };
		F5F735AF1DD4CB71008DD5CC /* Assets.xcassets */ = {isa = PBXFileReference; lastKnownFileType = folder.assetcatalog; path = Assets.xcassets; sourceTree = "<group>"; };
		F5F735B21DD4CB71008DD5CC /* Base */ = {isa = PBXFileReference; lastKnownFileType = file.storyboard; name = Base; path = Base.lproj/LaunchScreen.storyboard; sourceTree = "<group>"; };
		F5F735B41DD4CB71008DD5CC /* Info.plist */ = {isa = PBXFileReference; lastKnownFileType = text.plist.xml; path = Info.plist; sourceTree = "<group>"; };
/* End PBXFileReference section */

/* Begin PBXFrameworksBuildPhase section */
		F5F735A21DD4CB70008DD5CC /* Frameworks */ = {
			isa = PBXFrameworksBuildPhase;
			buildActionMask = 2147483647;
			files = (
				885C18AEFAB982B290096C10 /* Pods_SettingTheDate.framework in Frameworks */,
			);
			runOnlyForDeploymentPostprocessing = 0;
		};
/* End PBXFrameworksBuildPhase section */

/* Begin PBXGroup section */
		1CF445E0834E1B8E6A4E4539 /* Pods */ = {
			isa = PBXGroup;
			children = (
				4E85FB5E28483FD4CFB40461 /* Pods-SettingTheDate.debug.xcconfig */,
				89817076A92B1B2BFBD62665 /* Pods-SettingTheDate.release.xcconfig */,
			);
			name = Pods;
			sourceTree = "<group>";
		};
		E008B4EA2D81672E064A7D01 /* Frameworks */ = {
			isa = PBXGroup;
			children = (
				028B477EA77C6E9D4E722C8F /* Pods_SettingTheDate.framework */,
			);
			name = Frameworks;
			sourceTree = "<group>";
		};
		F5F7359C1DD4CB70008DD5CC = {
			isa = PBXGroup;
			children = (
				F5F735A71DD4CB71008DD5CC /* SettingTheDate */,
				F5F735A61DD4CB71008DD5CC /* Products */,
				1CF445E0834E1B8E6A4E4539 /* Pods */,
				E008B4EA2D81672E064A7D01 /* Frameworks */,
			);
			sourceTree = "<group>";
		};
		F5F735A61DD4CB71008DD5CC /* Products */ = {
			isa = PBXGroup;
			children = (
				F5F735A51DD4CB71008DD5CC /* SettingTheDate.app */,
			);
			name = Products;
			sourceTree = "<group>";
		};
		F5F735A71DD4CB71008DD5CC /* SettingTheDate */ = {
			isa = PBXGroup;
			children = (
				F5F735A81DD4CB71008DD5CC /* AppDelegate.swift */,
				F5F735AA1DD4CB71008DD5CC /* ViewController.swift */,
				F5F735AC1DD4CB71008DD5CC /* Main.storyboard */,
				F5F735AF1DD4CB71008DD5CC /* Assets.xcassets */,
				F5F735B11DD4CB71008DD5CC /* LaunchScreen.storyboard */,
				F5F735B41DD4CB71008DD5CC /* Info.plist */,
			);
			path = SettingTheDate;
			sourceTree = "<group>";
		};
/* End PBXGroup section */

/* Begin PBXNativeTarget section */
		F5F735A41DD4CB70008DD5CC /* SettingTheDate */ = {
			isa = PBXNativeTarget;
			buildConfigurationList = F5F735B71DD4CB71008DD5CC /* Build configuration list for PBXNativeTarget "SettingTheDate" */;
			buildPhases = (
				A8FB34D32ECAB04FB4081B1C /* [CP] Check Pods Manifest.lock */,
				F5F735A11DD4CB70008DD5CC /* Sources */,
				F5F735A21DD4CB70008DD5CC /* Frameworks */,
				F5F735A31DD4CB70008DD5CC /* Resources */,
				C645153CB8A5D443619B176E /* [CP] Embed Pods Frameworks */,
				FF2CE27ABDE639364EB84D02 /* [CP] Copy Pods Resources */,
			);
			buildRules = (
			);
			dependencies = (
			);
			name = SettingTheDate;
			productName = SettingTheDate;
			productReference = F5F735A51DD4CB71008DD5CC /* SettingTheDate.app */;
			productType = "com.apple.product-type.application";
		};
/* End PBXNativeTarget section */

/* Begin PBXProject section */
		F5F7359D1DD4CB70008DD5CC /* Project object */ = {
			isa = PBXProject;
			attributes = {
				LastSwiftUpdateCheck = 0810;
				LastUpgradeCheck = 0810;
				ORGANIZATIONNAME = EdisonHsu;
				TargetAttributes = {
					F5F735A41DD4CB70008DD5CC = {
						CreatedOnToolsVersion = 8.1;
						ProvisioningStyle = Automatic;
					};
				};
			};
			buildConfigurationList = F5F735A01DD4CB70008DD5CC /* Build configuration list for PBXProject "SettingTheDate" */;
			compatibilityVersion = "Xcode 3.2";
			developmentRegion = English;
			hasScannedForEncodings = 0;
			knownRegions = (
				en,
				Base,
			);
			mainGroup = F5F7359C1DD4CB70008DD5CC;
			productRefGroup = F5F735A61DD4CB71008DD5CC /* Products */;
			projectDirPath = "";
			projectRoot = "";
			targets = (
				F5F735A41DD4CB70008DD5CC /* SettingTheDate */,
			);
		};
/* End PBXProject section */

/* Begin PBXResourcesBuildPhase section */
		F5F735A31DD4CB70008DD5CC /* Resources */ = {
			isa = PBXResourcesBuildPhase;
			buildActionMask = 2147483647;
			files = (
				F5F735B31DD4CB71008DD5CC /* LaunchScreen.storyboard in Resources */,
				F5F735B01DD4CB71008DD5CC /* Assets.xcassets in Resources */,
				F5F735AE1DD4CB71008DD5CC /* Main.storyboard in Resources */,
			);
			runOnlyForDeploymentPostprocessing = 0;
		};
/* End PBXResourcesBuildPhase section */

/* Begin PBXShellScriptBuildPhase section */
		A8FB34D32ECAB04FB4081B1C /* [CP] Check Pods Manifest.lock */ = {
			isa = PBXShellScriptBuildPhase;
			buildActionMask = 2147483647;
			files = (
			);
			inputPaths = (
			);
			name = "[CP] Check Pods Manifest.lock";
			outputPaths = (
			);
			runOnlyForDeploymentPostprocessing = 0;
			shellPath = /bin/sh;
			shellScript = "diff \"${PODS_ROOT}/../Podfile.lock\" \"${PODS_ROOT}/Manifest.lock\" > /dev/null\nif [ $? != 0 ] ; then\n    # print error to STDERR\n    echo \"error: The sandbox is not in sync with the Podfile.lock. Run 'pod install' or update your CocoaPods installation.\" >&2\n    exit 1\nfi\n";
			showEnvVarsInLog = 0;
		};
		C645153CB8A5D443619B176E /* [CP] Embed Pods Frameworks */ = {
			isa = PBXShellScriptBuildPhase;
			buildActionMask = 2147483647;
			files = (
			);
			inputPaths = (
			);
			name = "[CP] Embed Pods Frameworks";
			outputPaths = (
			);
			runOnlyForDeploymentPostprocessing = 0;
			shellPath = /bin/sh;
			shellScript = "\"${SRCROOT}/Pods/Target Support Files/Pods-SettingTheDate/Pods-SettingTheDate-frameworks.sh\"\n";
			showEnvVarsInLog = 0;
		};
		FF2CE27ABDE639364EB84D02 /* [CP] Copy Pods Resources */ = {
			isa = PBXShellScriptBuildPhase;
			buildActionMask = 2147483647;
			files = (
			);
			inputPaths = (
			);
			name = "[CP] Copy Pods Resources";
			outputPaths = (
			);
			runOnlyForDeploymentPostprocessing = 0;
			shellPath = /bin/sh;
			shellScript = "\"${SRCROOT}/Pods/Target Support Files/Pods-SettingTheDate/Pods-SettingTheDate-resources.sh\"\n";
			showEnvVarsInLog = 0;
		};
/* End PBXShellScriptBuildPhase section */

/* Begin PBXSourcesBuildPhase section */
		F5F735A11DD4CB70008DD5CC /* Sources */ = {
			isa = PBXSourcesBuildPhase;
			buildActionMask = 2147483647;
			files = (
				F5F735AB1DD4CB71008DD5CC /* ViewController.swift in Sources */,
				F5F735A91DD4CB71008DD5CC /* AppDelegate.swift in Sources */,
			);
			runOnlyForDeploymentPostprocessing = 0;
		};
/* End PBXSourcesBuildPhase section */

/* Begin PBXVariantGroup section */
		F5F735AC1DD4CB71008DD5CC /* Main.storyboard */ = {
			isa = PBXVariantGroup;
			children = (
				F5F735AD1DD4CB71008DD5CC /* Base */,
			);
			name = Main.storyboard;
			sourceTree = "<group>";
		};
		F5F735B11DD4CB71008DD5CC /* LaunchScreen.storyboard */ = {
			isa = PBXVariantGroup;
			children = (
				F5F735B21DD4CB71008DD5CC /* Base */,
			);
			name = LaunchScreen.storyboard;
			sourceTree = "<group>";
		};
/* End PBXVariantGroup section */

/* Begin XCBuildConfiguration section */
		F5F735B51DD4CB71008DD5CC /* Debug */ = {
			isa = XCBuildConfiguration;
			buildSettings = {
				ALWAYS_SEARCH_USER_PATHS = NO;
				CLANG_ANALYZER_NONNULL = YES;
				CLANG_CXX_LANGUAGE_STANDARD = "gnu++0x";
				CLANG_CXX_LIBRARY = "libc++";
				CLANG_ENABLE_MODULES = YES;
				CLANG_ENABLE_OBJC_ARC = YES;
				CLANG_WARN_BOOL_CONVERSION = YES;
				CLANG_WARN_CONSTANT_CONVERSION = YES;
				CLANG_WARN_DIRECT_OBJC_ISA_USAGE = YES_ERROR;
				CLANG_WARN_DOCUMENTATION_COMMENTS = YES;
				CLANG_WARN_EMPTY_BODY = YES;
				CLANG_WARN_ENUM_CONVERSION = YES;
				CLANG_WARN_INFINITE_RECURSION = YES;
				CLANG_WARN_INT_CONVERSION = YES;
				CLANG_WARN_OBJC_ROOT_CLASS = YES_ERROR;
				CLANG_WARN_SUSPICIOUS_MOVES = YES;
				CLANG_WARN_UNREACHABLE_CODE = YES;
				CLANG_WARN__DUPLICATE_METHOD_MATCH = YES;
				"CODE_SIGN_IDENTITY[sdk=iphoneos*]" = "iPhone Developer";
				COPY_PHASE_STRIP = NO;
				DEBUG_INFORMATION_FORMAT = dwarf;
				ENABLE_STRICT_OBJC_MSGSEND = YES;
				ENABLE_TESTABILITY = YES;
				GCC_C_LANGUAGE_STANDARD = gnu99;
				GCC_DYNAMIC_NO_PIC = NO;
				GCC_NO_COMMON_BLOCKS = YES;
				GCC_OPTIMIZATION_LEVEL = 0;
				GCC_PREPROCESSOR_DEFINITIONS = (
					"DEBUG=1",
					"$(inherited)",
				);
				GCC_WARN_64_TO_32_BIT_CONVERSION = YES;
				GCC_WARN_ABOUT_RETURN_TYPE = YES_ERROR;
				GCC_WARN_UNDECLARED_SELECTOR = YES;
				GCC_WARN_UNINITIALIZED_AUTOS = YES_AGGRESSIVE;
				GCC_WARN_UNUSED_FUNCTION = YES;
				GCC_WARN_UNUSED_VARIABLE = YES;
				IPHONEOS_DEPLOYMENT_TARGET = 10.1;
				MTL_ENABLE_DEBUG_INFO = YES;
				ONLY_ACTIVE_ARCH = YES;
				SDKROOT = iphoneos;
				SWIFT_ACTIVE_COMPILATION_CONDITIONS = DEBUG;
				SWIFT_OPTIMIZATION_LEVEL = "-Onone";
				TARGETED_DEVICE_FAMILY = "1,2";
			};
			name = Debug;
		};
		F5F735B61DD4CB71008DD5CC /* Release */ = {
			isa = XCBuildConfiguration;
			buildSettings = {
				ALWAYS_SEARCH_USER_PATHS = NO;
				CLANG_ANALYZER_NONNULL = YES;
				CLANG_CXX_LANGUAGE_STANDARD = "gnu++0x";
				CLANG_CXX_LIBRARY = "libc++";
				CLANG_ENABLE_MODULES = YES;
				CLANG_ENABLE_OBJC_ARC = YES;
				CLANG_WARN_BOOL_CONVERSION = YES;
				CLANG_WARN_CONSTANT_CONVERSION = YES;
				CLANG_WARN_DIRECT_OBJC_ISA_USAGE = YES_ERROR;
				CLANG_WARN_DOCUMENTATION_COMMENTS = YES;
				CLANG_WARN_EMPTY_BODY = YES;
				CLANG_WARN_ENUM_CONVERSION = YES;
				CLANG_WARN_INFINITE_RECURSION = YES;
				CLANG_WARN_INT_CONVERSION = YES;
				CLANG_WARN_OBJC_ROOT_CLASS = YES_ERROR;
				CLANG_WARN_SUSPICIOUS_MOVES = YES;
				CLANG_WARN_UNREACHABLE_CODE = YES;
				CLANG_WARN__DUPLICATE_METHOD_MATCH = YES;
				"CODE_SIGN_IDENTITY[sdk=iphoneos*]" = "iPhone Developer";
				COPY_PHASE_STRIP = NO;
				DEBUG_INFORMATION_FORMAT = "dwarf-with-dsym";
				ENABLE_NS_ASSERTIONS = NO;
				ENABLE_STRICT_OBJC_MSGSEND = YES;
				GCC_C_LANGUAGE_STANDARD = gnu99;
				GCC_NO_COMMON_BLOCKS = YES;
				GCC_WARN_64_TO_32_BIT_CONVERSION = YES;
				GCC_WARN_ABOUT_RETURN_TYPE = YES_ERROR;
				GCC_WARN_UNDECLARED_SELECTOR = YES;
				GCC_WARN_UNINITIALIZED_AUTOS = YES_AGGRESSIVE;
				GCC_WARN_UNUSED_FUNCTION = YES;
				GCC_WARN_UNUSED_VARIABLE = YES;
				IPHONEOS_DEPLOYMENT_TARGET = 10.1;
				MTL_ENABLE_DEBUG_INFO = NO;
				SDKROOT = iphoneos;
				SWIFT_OPTIMIZATION_LEVEL = "-Owholemodule";
				TARGETED_DEVICE_FAMILY = "1,2";
				VALIDATE_PRODUCT = YES;
			};
			name = Release;
		};
		F5F735B81DD4CB71008DD5CC /* Debug */ = {
			isa = XCBuildConfiguration;
			baseConfigurationReference = 4E85FB5E28483FD4CFB40461 /* Pods-SettingTheDate.debug.xcconfig */;
			buildSettings = {
				ASSETCATALOG_COMPILER_APPICON_NAME = AppIcon;
				INFOPLIST_FILE = SettingTheDate/Info.plist;
				LD_RUNPATH_SEARCH_PATHS = "$(inherited) @executable_path/Frameworks";
				PRODUCT_BUNDLE_IDENTIFIER = edison.SettingTheDate;
				PRODUCT_NAME = "$(TARGET_NAME)";
				SWIFT_VERSION = 3.0;
			};
			name = Debug;
		};
		F5F735B91DD4CB71008DD5CC /* Release */ = {
			isa = XCBuildConfiguration;
			baseConfigurationReference = 89817076A92B1B2BFBD62665 /* Pods-SettingTheDate.release.xcconfig */;
			buildSettings = {
				ASSETCATALOG_COMPILER_APPICON_NAME = AppIcon;
				INFOPLIST_FILE = SettingTheDate/Info.plist;
				LD_RUNPATH_SEARCH_PATHS = "$(inherited) @executable_path/Frameworks";
				PRODUCT_BUNDLE_IDENTIFIER = edison.SettingTheDate;
				PRODUCT_NAME = "$(TARGET_NAME)";
				SWIFT_VERSION = 3.0;
			};
			name = Release;
		};
/* End XCBuildConfiguration section */

/* Begin XCConfigurationList section */
		F5F735A01DD4CB70008DD5CC /* Build configuration list for PBXProject "SettingTheDate" */ = {
			isa = XCConfigurationList;
			buildConfigurations = (
				F5F735B51DD4CB71008DD5CC /* Debug */,
				F5F735B61DD4CB71008DD5CC /* Release */,
			);
			defaultConfigurationIsVisible = 0;
			defaultConfigurationName = Release;
		};
		F5F735B71DD4CB71008DD5CC /* Build configuration list for PBXNativeTarget "SettingTheDate" */ = {
			isa = XCConfigurationList;
			buildConfigurations = (
				F5F735B81DD4CB71008DD5CC /* Debug */,
				F5F735B91DD4CB71008DD5CC /* Release */,
			);
			defaultConfigurationIsVisible = 0;
		};
/* End XCConfigurationList section */
	};
	rootObject = F5F7359D1DD4CB70008DD5CC /* Project object */;
}
