PODS:
  - RxCocoa (3.5.0):
    - RxSwift (~> 3.4)
  - RxSwift (3.5.0)

DEPENDENCIES:
  - RxCocoa (= 3.5.0)
  - RxSwift (= 3.5.0)

SPEC CHECKSUMS:
  RxCocoa: a0a09f45d0e5b48ecb6a4a7b4b4c89c88d3f633f
  RxSwift: 18ee9d78b45edb3b0b7e79916b47a116e6dbc842

PODFILE CHECKSUM: 0f5107afd8ac3cccbbdf7b4c63dbea93ef31fa6c

COCOAPODS: 1.2.0
